<?xml version="1.0" encoding="utf-8"?>
<Project ToolsVersion="4.0" xmlns="http://schemas.microsoft.com/developer/msbuild/2003">
  <ItemGroup>
    <Manifest Include="LVGL.Simulator.manifest" />
  </ItemGroup>
  <ItemGroup>
    <ClCompile Include="..\..\external\lvgl\src\core\lv_disp.c" />
    <ClCompile Include="..\..\external\lvgl\src\core\lv_event.c" />
    <ClCompile Include="..\..\external\lvgl\src\core\lv_group.c" />
    <ClCompile Include="..\..\external\lvgl\src\core\lv_indev.c" />
    <ClCompile Include="..\..\external\lvgl\src\core\lv_indev_scroll.c" />
    <ClCompile Include="..\..\external\lvgl\src\core\lv_obj.c" />
    <ClCompile Include="..\..\external\lvgl\src\core\lv_obj_class.c" />
    <ClCompile Include="..\..\external\lvgl\src\core\lv_obj_draw.c" />
    <ClCompile Include="..\..\external\lvgl\src\core\lv_obj_pos.c" />
    <ClCompile Include="..\..\external\lvgl\src\core\lv_obj_scroll.c" />
    <ClCompile Include="..\..\external\lvgl\src\core\lv_obj_style.c" />
    <ClCompile Include="..\..\external\lvgl\src\core\lv_obj_style_gen.c" />
    <ClCompile Include="..\..\external\lvgl\src\core\lv_obj_tree.c" />
    <ClCompile Include="..\..\external\lvgl\src\core\lv_refr.c" />
    <ClCompile Include="..\..\external\lvgl\src\core\lv_theme.c" />
    <ClCompile Include="..\..\external\lvgl\src\draw\arm2d\lv_gpu_arm2d.c" />
    <ClCompile Include="..\..\external\lvgl\src\draw\nxp\pxp\lv_draw_pxp_blend.c" />
    <ClCompile Include="..\..\external\lvgl\src\draw\nxp\pxp\lv_gpu_nxp_pxp.c" />
    <ClCompile Include="..\..\external\lvgl\src\draw\nxp\pxp\lv_gpu_nxp_pxp_osa.c" />
    <ClCompile Include="..\..\external\lvgl\src\draw\nxp\vglite\lv_draw_vglite_arc.c" />
    <ClCompile Include="..\..\external\lvgl\src\draw\nxp\vglite\lv_draw_vglite_blend.c" />
    <ClCompile Include="..\..\external\lvgl\src\draw\nxp\vglite\lv_draw_vglite_rect.c" />
    <ClCompile Include="..\..\external\lvgl\src\draw\nxp\vglite\lv_gpu_nxp_vglite.c" />
    <ClCompile Include="..\..\external\lvgl\src\draw\nxp\lv_gpu_nxp.c" />
    <ClCompile Include="..\..\external\lvgl\src\draw\sdl\lv_draw_sdl.c" />
    <ClCompile Include="..\..\external\lvgl\src\draw\sdl\lv_draw_sdl_arc.c" />
    <ClCompile Include="..\..\external\lvgl\src\draw\sdl\lv_draw_sdl_bg.c" />
    <ClCompile Include="..\..\external\lvgl\src\draw\sdl\lv_draw_sdl_composite.c" />
    <ClCompile Include="..\..\external\lvgl\src\draw\sdl\lv_draw_sdl_img.c" />
    <ClCompile Include="..\..\external\lvgl\src\draw\sdl\lv_draw_sdl_label.c" />
    <ClCompile Include="..\..\external\lvgl\src\draw\sdl\lv_draw_sdl_layer.c" />
    <ClCompile Include="..\..\external\lvgl\src\draw\sdl\lv_draw_sdl_line.c" />
    <ClCompile Include="..\..\external\lvgl\src\draw\sdl\lv_draw_sdl_mask.c" />
    <ClCompile Include="..\..\external\lvgl\src\draw\sdl\lv_draw_sdl_polygon.c" />
    <ClCompile Include="..\..\external\lvgl\src\draw\sdl\lv_draw_sdl_rect.c" />
    <ClCompile Include="..\..\external\lvgl\src\draw\sdl\lv_draw_sdl_stack_blur.c" />
    <ClCompile Include="..\..\external\lvgl\src\draw\sdl\lv_draw_sdl_texture_cache.c" />
    <ClCompile Include="..\..\external\lvgl\src\draw\sdl\lv_draw_sdl_utils.c" />
    <ClCompile Include="..\..\external\lvgl\src\draw\stm32_dma2d\lv_gpu_stm32_dma2d.c" />
    <ClCompile Include="..\..\external\lvgl\src\draw\sw\lv_draw_sw.c" />
    <ClCompile Include="..\..\external\lvgl\src\draw\sw\lv_draw_sw_arc.c" />
    <ClCompile Include="..\..\external\lvgl\src\draw\sw\lv_draw_sw_blend.c" />
    <ClCompile Include="..\..\external\lvgl\src\draw\sw\lv_draw_sw_dither.c" />
    <ClCompile Include="..\..\external\lvgl\src\draw\sw\lv_draw_sw_gradient.c" />
    <ClCompile Include="..\..\external\lvgl\src\draw\sw\lv_draw_sw_img.c" />
    <ClCompile Include="..\..\external\lvgl\src\draw\sw\lv_draw_sw_layer.c" />
    <ClCompile Include="..\..\external\lvgl\src\draw\sw\lv_draw_sw_letter.c" />
    <ClCompile Include="..\..\external\lvgl\src\draw\sw\lv_draw_sw_line.c" />
    <ClCompile Include="..\..\external\lvgl\src\draw\sw\lv_draw_sw_polygon.c" />
    <ClCompile Include="..\..\external\lvgl\src\draw\sw\lv_draw_sw_rect.c" />
    <ClCompile Include="..\..\external\lvgl\src\draw\sw\lv_draw_sw_transform.c" />
    <ClCompile Include="..\..\external\lvgl\src\draw\swm341_dma2d\lv_gpu_swm341_dma2d.c" />
    <ClCompile Include="..\..\external\lvgl\src\draw\lv_draw.c" />
    <ClCompile Include="..\..\external\lvgl\src\draw\lv_draw_arc.c" />
    <ClCompile Include="..\..\external\lvgl\src\draw\lv_draw_img.c" />
    <ClCompile Include="..\..\external\lvgl\src\draw\lv_draw_label.c" />
    <ClCompile Include="..\..\external\lvgl\src\draw\lv_draw_layer.c" />
    <ClCompile Include="..\..\external\lvgl\src\draw\lv_draw_line.c" />
    <ClCompile Include="..\..\external\lvgl\src\draw\lv_draw_mask.c" />
    <ClCompile Include="..\..\external\lvgl\src\draw\lv_draw_rect.c" />
    <ClCompile Include="..\..\external\lvgl\src\draw\lv_draw_transform.c" />
    <ClCompile Include="..\..\external\lvgl\src\draw\lv_draw_triangle.c" />
    <ClCompile Include="..\..\external\lvgl\src\draw\lv_img_buf.c" />
    <ClCompile Include="..\..\external\lvgl\src\draw\lv_img_cache.c" />
    <ClCompile Include="..\..\external\lvgl\src\draw\lv_img_decoder.c" />
    <ClCompile Include="..\..\external\lvgl\src\extra\layouts\flex\lv_flex.c" />
    <ClCompile Include="..\..\external\lvgl\src\extra\layouts\grid\lv_grid.c" />
    <ClCompile Include="..\..\external\lvgl\src\extra\libs\bmp\lv_bmp.c" />
    <ClCompile Include="..\..\external\lvgl\src\extra\libs\ffmpeg\lv_ffmpeg.c" />
    <ClCompile Include="..\..\external\lvgl\src\extra\libs\freetype\lv_freetype.c" />
    <ClCompile Include="..\..\external\lvgl\src\extra\libs\fsdrv\lv_fs_fatfs.c" />
    <ClCompile Include="..\..\external\lvgl\src\extra\libs\fsdrv\lv_fs_posix.c" />
    <ClCompile Include="..\..\external\lvgl\src\extra\libs\fsdrv\lv_fs_stdio.c" />
    <ClCompile Include="..\..\external\lvgl\src\extra\libs\fsdrv\lv_fs_win32.c" />
    <ClCompile Include="..\..\external\lvgl\src\extra\libs\gif\gifdec.c" />
    <ClCompile Include="..\..\external\lvgl\src\extra\libs\gif\lv_gif.c" />
    <ClCompile Include="..\..\external\lvgl\src\extra\libs\png\lodepng.c" />
    <ClCompile Include="..\..\external\lvgl\src\extra\libs\png\lv_png.c" />
    <ClCompile Include="..\..\external\lvgl\src\extra\libs\qrcode\lv_qrcode.c" />
    <ClCompile Include="..\..\external\lvgl\src\extra\libs\qrcode\qrcodegen.c" />
    <ClCompile Include="..\..\external\lvgl\src\extra\libs\rlottie\lv_rlottie.c" />
    <ClCompile Include="..\..\external\lvgl\src\extra\libs\sjpg\lv_sjpg.c" />
    <ClCompile Include="..\..\external\lvgl\src\extra\libs\sjpg\tjpgd.c" />
    <ClCompile Include="..\..\external\lvgl\src\extra\others\fragment\lv_fragment.c" />
    <ClCompile Include="..\..\external\lvgl\src\extra\others\fragment\lv_fragment_manager.c" />
    <ClCompile Include="..\..\external\lvgl\src\extra\others\gridnav\lv_gridnav.c" />
    <ClCompile Include="..\..\external\lvgl\src\extra\others\ime\lv_ime_pinyin.c" />
    <ClCompile Include="..\..\external\lvgl\src\extra\others\imgfont\lv_imgfont.c" />
    <ClCompile Include="..\..\external\lvgl\src\extra\others\monkey\lv_monkey.c" />
    <ClCompile Include="..\..\external\lvgl\src\extra\others\msg\lv_msg.c" />
    <ClCompile Include="..\..\external\lvgl\src\extra\others\snapshot\lv_snapshot.c" />
    <ClCompile Include="..\..\external\lvgl\src\extra\themes\basic\lv_theme_basic.c" />
    <ClCompile Include="..\..\external\lvgl\src\extra\themes\default\lv_theme_default.c" />
    <ClCompile Include="..\..\external\lvgl\src\extra\themes\mono\lv_theme_mono.c" />
    <ClCompile Include="..\..\external\lvgl\src\extra\widgets\animimg\lv_animimg.c" />
    <ClCompile Include="..\..\external\lvgl\src\extra\widgets\calendar\lv_calendar.c" />
    <ClCompile Include="..\..\external\lvgl\src\extra\widgets\calendar\lv_calendar_header_arrow.c" />
    <ClCompile Include="..\..\external\lvgl\src\extra\widgets\calendar\lv_calendar_header_dropdown.c" />
    <ClCompile Include="..\..\external\lvgl\src\extra\widgets\chart\lv_chart.c" />
    <ClCompile Include="..\..\external\lvgl\src\extra\widgets\colorwheel\lv_colorwheel.c" />
    <ClCompile Include="..\..\external\lvgl\src\extra\widgets\imgbtn\lv_imgbtn.c" />
    <ClCompile Include="..\..\external\lvgl\src\extra\widgets\keyboard\lv_keyboard.c" />
    <ClCompile Include="..\..\external\lvgl\src\extra\widgets\led\lv_led.c" />
    <ClCompile Include="..\..\external\lvgl\src\extra\widgets\list\lv_list.c" />
    <ClCompile Include="..\..\external\lvgl\src\extra\widgets\menu\lv_menu.c" />
    <ClCompile Include="..\..\external\lvgl\src\extra\widgets\meter\lv_meter.c" />
    <ClCompile Include="..\..\external\lvgl\src\extra\widgets\msgbox\lv_msgbox.c" />
    <ClCompile Include="..\..\external\lvgl\src\extra\widgets\span\lv_span.c" />
    <ClCompile Include="..\..\external\lvgl\src\extra\widgets\spinbox\lv_spinbox.c" />
    <ClCompile Include="..\..\external\lvgl\src\extra\widgets\spinner\lv_spinner.c" />
    <ClCompile Include="..\..\external\lvgl\src\extra\widgets\tabview\lv_tabview.c" />
    <ClCompile Include="..\..\external\lvgl\src\extra\widgets\tileview\lv_tileview.c" />
    <ClCompile Include="..\..\external\lvgl\src\extra\widgets\win\lv_win.c" />
    <ClCompile Include="..\..\external\lvgl\src\extra\lv_extra.c" />
    <ClCompile Include="..\..\external\lvgl\src\font\lv_font.c" />
    <ClCompile Include="..\..\external\lvgl\src\font\lv_font_dejavu_16_persian_hebrew.c" />
    <ClCompile Include="..\..\external\lvgl\src\font\lv_font_fmt_txt.c" />
    <ClCompile Include="..\..\external\lvgl\src\font\lv_font_loader.c" />
    <ClCompile Include="..\..\external\lvgl\src\font\lv_font_montserrat_10.c" />
    <ClCompile Include="..\..\external\lvgl\src\font\lv_font_montserrat_12.c" />
    <ClCompile Include="..\..\external\lvgl\src\font\lv_font_montserrat_12_subpx.c" />
    <ClCompile Include="..\..\external\lvgl\src\font\lv_font_montserrat_14.c" />
    <ClCompile Include="..\..\external\lvgl\src\font\lv_font_montserrat_16.c" />
    <ClCompile Include="..\..\external\lvgl\src\font\lv_font_montserrat_18.c" />
    <ClCompile Include="..\..\external\lvgl\src\font\lv_font_montserrat_20.c" />
    <ClCompile Include="..\..\external\lvgl\src\font\lv_font_montserrat_22.c" />
    <ClCompile Include="..\..\external\lvgl\src\font\lv_font_montserrat_24.c" />
    <ClCompile Include="..\..\external\lvgl\src\font\lv_font_montserrat_26.c" />
    <ClCompile Include="..\..\external\lvgl\src\font\lv_font_montserrat_28.c" />
    <ClCompile Include="..\..\external\lvgl\src\font\lv_font_montserrat_28_compressed.c" />
    <ClCompile Include="..\..\external\lvgl\src\font\lv_font_montserrat_30.c" />
    <ClCompile Include="..\..\external\lvgl\src\font\lv_font_montserrat_32.c" />
    <ClCompile Include="..\..\external\lvgl\src\font\lv_font_montserrat_34.c" />
    <ClCompile Include="..\..\external\lvgl\src\font\lv_font_montserrat_36.c" />
    <ClCompile Include="..\..\external\lvgl\src\font\lv_font_montserrat_38.c" />
    <ClCompile Include="..\..\external\lvgl\src\font\lv_font_montserrat_40.c" />
    <ClCompile Include="..\..\external\lvgl\src\font\lv_font_montserrat_42.c" />
    <ClCompile Include="..\..\external\lvgl\src\font\lv_font_montserrat_44.c" />
    <ClCompile Include="..\..\external\lvgl\src\font\lv_font_montserrat_46.c" />
    <ClCompile Include="..\..\external\lvgl\src\font\lv_font_montserrat_48.c" />
    <ClCompile Include="..\..\external\lvgl\src\font\lv_font_montserrat_8.c" />
    <ClCompile Include="..\..\external\lvgl\src\font\lv_font_simsun_16_cjk.c" />
    <ClCompile Include="..\..\external\lvgl\src\font\lv_font_unscii_16.c" />
    <ClCompile Include="..\..\external\lvgl\src\font\lv_font_unscii_8.c" />
    <ClCompile Include="..\..\external\lvgl\src\hal\lv_hal_disp.c" />
    <ClCompile Include="..\..\external\lvgl\src\hal\lv_hal_indev.c" />
    <ClCompile Include="..\..\external\lvgl\src\hal\lv_hal_tick.c" />
    <ClCompile Include="..\..\external\lvgl\src\misc\lv_anim.c" />
    <ClCompile Include="..\..\external\lvgl\src\misc\lv_anim_timeline.c" />
    <ClCompile Include="..\..\external\lvgl\src\misc\lv_area.c" />
    <ClCompile Include="..\..\external\lvgl\src\misc\lv_async.c" />
    <ClCompile Include="..\..\external\lvgl\src\misc\lv_bidi.c" />
    <ClCompile Include="..\..\external\lvgl\src\misc\lv_color.c" />
    <ClCompile Include="..\..\external\lvgl\src\misc\lv_fs.c" />
    <ClCompile Include="..\..\external\lvgl\src\misc\lv_gc.c" />
    <ClCompile Include="..\..\external\lvgl\src\misc\lv_ll.c" />
    <ClCompile Include="..\..\external\lvgl\src\misc\lv_log.c" />
    <ClCompile Include="..\..\external\lvgl\src\misc\lv_lru.c" />
    <ClCompile Include="..\..\external\lvgl\src\misc\lv_math.c" />
    <ClCompile Include="..\..\external\lvgl\src\misc\lv_mem.c" />
    <ClCompile Include="..\..\external\lvgl\src\misc\lv_printf.c" />
    <ClCompile Include="..\..\external\lvgl\src\misc\lv_style.c" />
    <ClCompile Include="..\..\external\lvgl\src\misc\lv_style_gen.c" />
    <ClCompile Include="..\..\external\lvgl\src\misc\lv_templ.c" />
    <ClCompile Include="..\..\external\lvgl\src\misc\lv_timer.c" />
    <ClCompile Include="..\..\external\lvgl\src\misc\lv_tlsf.c" />
    <ClCompile Include="..\..\external\lvgl\src\misc\lv_txt.c" />
    <ClCompile Include="..\..\external\lvgl\src\misc\lv_txt_ap.c" />
    <ClCompile Include="..\..\external\lvgl\src\misc\lv_utils.c" />
    <ClCompile Include="..\..\external\lvgl\src\widgets\lv_arc.c" />
    <ClCompile Include="..\..\external\lvgl\src\widgets\lv_bar.c" />
    <ClCompile Include="..\..\external\lvgl\src\widgets\lv_btn.c" />
    <ClCompile Include="..\..\external\lvgl\src\widgets\lv_btnmatrix.c" />
    <ClCompile Include="..\..\external\lvgl\src\widgets\lv_canvas.c" />
    <ClCompile Include="..\..\external\lvgl\src\widgets\lv_checkbox.c" />
    <ClCompile Include="..\..\external\lvgl\src\widgets\lv_dropdown.c" />
    <ClCompile Include="..\..\external\lvgl\src\widgets\lv_img.c" />
    <ClCompile Include="..\..\external\lvgl\src\widgets\lv_label.c" />
    <ClCompile Include="..\..\external\lvgl\src\widgets\lv_line.c" />
    <ClCompile Include="..\..\external\lvgl\src\widgets\lv_objx_templ.c" />
    <ClCompile Include="..\..\external\lvgl\src\widgets\lv_roller.c" />
    <ClCompile Include="..\..\external\lvgl\src\widgets\lv_slider.c" />
    <ClCompile Include="..\..\external\lvgl\src\widgets\lv_switch.c" />
    <ClCompile Include="..\..\external\lvgl\src\widgets\lv_table.c" />
    <ClCompile Include="..\..\external\lvgl\src\widgets\lv_textarea.c" />
    <ClCompile Include="lv_drivers\display\drm.c" />
    <ClCompile Include="lv_drivers\display\fbdev.c" />
    <ClCompile Include="lv_drivers\display\GC9A01.c" />
    <ClCompile Include="lv_drivers\display\ILI9341.c" />
    <ClCompile Include="lv_drivers\display\R61581.c" />
    <ClCompile Include="lv_drivers\display\SHARP_MIP.c" />
    <ClCompile Include="lv_drivers\display\SSD1963.c" />
    <ClCompile Include="lv_drivers\display\ST7565.c" />
    <ClCompile Include="lv_drivers\display\UC1610.c" />
    <ClCompile Include="lv_drivers\gtkdrv\gtkdrv.c" />
    <ClCompile Include="lv_drivers\indev\AD_touch.c" />
    <ClCompile Include="lv_drivers\indev\evdev.c" />
    <ClCompile Include="lv_drivers\indev\FT5406EE8.c" />
    <ClCompile Include="lv_drivers\indev\libinput.c" />
    <ClCompile Include="lv_drivers\indev\xkb.c" />
    <ClCompile Include="lv_drivers\indev\XPT2046.c" />
    <ClCompile Include="lv_drivers\sdl\sdl.c" />
    <ClCompile Include="lv_drivers\sdl\sdl_common.c" />
    <ClCompile Include="lv_drivers\sdl\sdl_gpu.c" />
    <ClCompile Include="lv_drivers\wayland\wayland.c" />
    <ClCompile Include="lv_drivers\win32drv\win32drv.c" />
    <ClCompile Include="lv_drivers\win_drv.c" />
    <ClCompile Include="main.c" />
    <ClCompile Include="simulator_model.c" />
    <ClCompile Include="..\..\src\utils\user_utils.c">
      <Filter>utils</Filter>
    </ClCompile>
    <ClCompile Include="..\..\src\ui\gui_frame\gui_api.c">
      <Filter>gui\gui_frame</Filter>
    </ClCompile>
    <ClCompile Include="..\..\src\ui\gui_frame\gui_framework.c">
      <Filter>gui\gui_frame</Filter>
    </ClCompile>
    <ClCompile Include="..\..\src\ui\gui_frame\gui_obj.c">
      <Filter>gui\gui_frame</Filter>
    </ClCompile>
    <ClCompile Include="..\..\src\ui\gui_frame\gui_style.c">
      <Filter>gui\gui_frame</Filter>
    </ClCompile>
    <ClCompile Include="..\..\src\ui\gui_assets\emoji\emojiAlien.c">
      <Filter>gui\assets\emoji</Filter>
    </ClCompile>
    <ClCompile Include="..\..\src\ui\gui_assets\emoji\emojiAt.c">
      <Filter>gui\assets\emoji</Filter>
    </ClCompile>
    <ClCompile Include="..\..\src\ui\gui_assets\emoji\emojiBitcoin.c">
      <Filter>gui\assets\emoji</Filter>
    </ClCompile>
    <ClCompile Include="..\..\src\ui\gui_assets\emoji\emojiCompass.c">
      <Filter>gui\assets\emoji</Filter>
    </ClCompile>
    <ClCompile Include="..\..\src\ui\gui_assets\emoji\emojiCopper.c">
      <Filter>gui\assets\emoji</Filter>
    </ClCompile>
    <ClCompile Include="..\..\src\ui\gui_assets\emoji\emojiCrown.c">
      <Filter>gui\assets\emoji</Filter>
    </ClCompile>
    <ClCompile Include="..\..\src\ui\gui_assets\emoji\emojiEth.c">
      <Filter>gui\assets\emoji</Filter>
    </ClCompile>
    <ClCompile Include="..\..\src\ui\gui_assets\emoji\emojiFlash.c">
      <Filter>gui\assets\emoji</Filter>
    </ClCompile>
    <ClCompile Include="..\..\src\ui\gui_assets\emoji\emojiGame.c">
      <Filter>gui\assets\emoji</Filter>
    </ClCompile>
    <ClCompile Include="..\..\src\ui\gui_assets\emoji\emojiHappy.c">
      <Filter>gui\assets\emoji</Filter>
    </ClCompile>
    <ClCompile Include="..\..\src\ui\gui_assets\emoji\emojiHeart.c">
      <Filter>gui\assets\emoji</Filter>
    </ClCompile>
    <ClCompile Include="..\..\src\ui\gui_assets\emoji\emojiLogo.c">
      <Filter>gui\assets\emoji</Filter>
    </ClCompile>
    <ClCompile Include="..\..\src\ui\gui_assets\emoji\emojiMusic.c">
      <Filter>gui\assets\emoji</Filter>
    </ClCompile>
    <ClCompile Include="..\..\src\ui\gui_assets\emoji\emojiRocket.c">
      <Filter>gui\assets\emoji</Filter>
    </ClCompile>
    <ClCompile Include="..\..\src\ui\gui_assets\emoji\emojiSafe.c">
      <Filter>gui\assets\emoji</Filter>
    </ClCompile>
    <ClCompile Include="..\..\src\ui\gui_assets\emoji\emojiStar.c">
      <Filter>gui\assets\emoji</Filter>
    </ClCompile>
    <ClCompile Include="..\..\src\ui\gui_assets\font\openSans_20.c">
      <Filter>gui\assets\fonts</Filter>
    </ClCompile>
    <ClCompile Include="..\..\src\ui\gui_assets\font\openSans_24.c">
      <Filter>gui\assets\fonts</Filter>
    </ClCompile>
    <ClCompile Include="..\..\src\ui\gui_assets\font\openSansButton.c">
      <Filter>gui\assets\fonts</Filter>
    </ClCompile>
    <ClCompile Include="..\..\src\ui\gui_assets\font\openSansDesc.c">
      <Filter>gui\assets\fonts</Filter>
    </ClCompile>
    <ClCompile Include="..\..\src\ui\gui_assets\font\openSansLanguage.c">
      <Filter>gui\assets\fonts</Filter>
    </ClCompile>
    <ClCompile Include="..\..\src\ui\gui_assets\font\cn\openSansCnBoldIllustrate.c">
      <Filter>gui\assets\fonts</Filter>
    </ClCompile>
    <ClCompile Include="..\..\src\ui\gui_assets\font\cn\openSansCnIllustrate.c">
      <Filter>gui\assets\fonts</Filter>
    </ClCompile>
    <ClCompile Include="..\..\src\ui\gui_assets\font\cn\openSansCnLittleTitle.c">
      <Filter>gui\assets\fonts</Filter>
    </ClCompile>
    <ClCompile Include="..\..\src\ui\gui_assets\font\cn\openSansCnText.c">
      <Filter>gui\assets\fonts</Filter>
    </ClCompile>
    <ClCompile Include="..\..\src\ui\gui_assets\font\cn\openSansCnTitle.c">
      <Filter>gui\assets\fonts</Filter>
    </ClCompile>
    <ClCompile Include="..\..\src\ui\gui_assets\font\en\openSansEnBoldIllustrate.c">
      <Filter>gui\assets\fonts</Filter>
    </ClCompile>
    <ClCompile Include="..\..\src\ui\gui_assets\font\en\openSansEnIllustrate.c">
      <Filter>gui\assets\fonts</Filter>
    </ClCompile>
    <ClCompile Include="..\..\src\ui\gui_assets\font\en\openSansEnLittleTitle.c">
      <Filter>gui\assets\fonts</Filter>
    </ClCompile>
    <ClCompile Include="..\..\src\ui\gui_assets\font\en\openSansEnText.c">
      <Filter>gui\assets\fonts</Filter>
    </ClCompile>
    <ClCompile Include="..\..\src\ui\gui_assets\font\en\openSansEnTitle.c">
      <Filter>gui\assets\fonts</Filter>
    </ClCompile>
    <ClCompile Include="..\..\src\ui\gui_assets\wallet\walletArConnect.c">
      <Filter>gui\assets\wallet</Filter>
    </ClCompile>
    <ClCompile Include="..\..\src\ui\gui_assets\wallet\walletBitcoinlight.c">
      <Filter>gui\assets\wallet</Filter>
    </ClCompile>
    <ClCompile Include="..\..\src\ui\gui_assets\wallet\walletBitkeep.c">
      <Filter>gui\assets\wallet</Filter>
    </ClCompile>
    <ClCompile Include="..\..\src\ui\gui_assets\wallet\walletBlock.c">
      <Filter>gui\assets\wallet</Filter>
    </ClCompile>
    <ClCompile Include="..\..\src\ui\gui_assets\wallet\walletBlockWallet.c">
      <Filter>gui\assets\wallet</Filter>
    </ClCompile>
    <ClCompile Include="..\..\src\ui\gui_assets\wallet\walletBluewallet.c">
      <Filter>gui\assets\wallet</Filter>
    </ClCompile>
    <ClCompile Include="..\..\src\ui\gui_assets\wallet\walletCasa.c">
      <Filter>gui\assets\wallet</Filter>
    </ClCompile>
    <ClCompile Include="..\..\src\ui\gui_assets\wallet\walletCore.c">
      <Filter>gui\assets\wallet</Filter>
    </ClCompile>
    <ClCompile Include="..\..\src\ui\gui_assets\wallet\walletElectrum.c">
      <Filter>gui\assets\wallet</Filter>
    </ClCompile>
    <ClCompile Include="..\..\src\ui\gui_assets\wallet\walletEternl.c">
      <Filter>gui\assets\wallet</Filter>
    </ClCompile>
    <ClCompile Include="..\..\src\ui\gui_assets\wallet\walletFewcha.c">
      <Filter>gui\assets\wallet</Filter>
    </ClCompile>
    <ClCompile Include="..\..\src\ui\gui_assets\wallet\walletKeplr.c">
      <Filter>gui\assets\wallet</Filter>
    </ClCompile>
    <ClCompile Include="..\..\src\ui\gui_assets\wallet\walletKeystone.c">
      <Filter>gui\assets\wallet</Filter>
    </ClCompile>
    <ClCompile Include="..\..\src\ui\gui_assets\wallet\walletMetamask.c">
      <Filter>gui\assets\wallet</Filter>
    </ClCompile>
    <ClCompile Include="..\..\src\ui\gui_assets\wallet\walletNunchuk.c">
      <Filter>gui\assets\wallet</Filter>
    </ClCompile>
    <ClCompile Include="..\..\src\ui\gui_assets\wallet\walletOkx.c">
      <Filter>gui\assets\wallet</Filter>
    </ClCompile>
    <ClCompile Include="..\..\src\ui\gui_assets\wallet\walletPetraAptos.c">
      <Filter>gui\assets\wallet</Filter>
    </ClCompile>
    <ClCompile Include="..\..\src\ui\gui_assets\wallet\walletPolkadotjs.c">
      <Filter>gui\assets\wallet</Filter>
    </ClCompile>
    <ClCompile Include="..\..\src\ui\gui_assets\wallet\walletRabby.c">
      <Filter>gui\assets\wallet</Filter>
    </ClCompile>
    <ClCompile Include="..\..\src\ui\gui_assets\wallet\walletSafe.c">
      <Filter>gui\assets\wallet</Filter>
    </ClCompile>
    <ClCompile Include="..\..\src\ui\gui_assets\wallet\walletSender.c">
      <Filter>gui\assets\wallet</Filter>
    </ClCompile>
    <ClCompile Include="..\..\src\ui\gui_assets\wallet\walletSolflare.c">
      <Filter>gui\assets\wallet</Filter>
    </ClCompile>
    <ClCompile Include="..\..\src\ui\gui_assets\wallet\walletSparrow.c">
      <Filter>gui\assets\wallet</Filter>
    </ClCompile>
    <ClCompile Include="..\..\src\ui\gui_assets\wallet\walletSpecter.c">
      <Filter>gui\assets\wallet</Filter>
    </ClCompile>
    <ClCompile Include="..\..\src\ui\gui_assets\wallet\walletSubwallet.c">
      <Filter>gui\assets\wallet</Filter>
    </ClCompile>
    <ClCompile Include="..\..\src\ui\gui_assets\wallet\walletSushi.c">
      <Filter>gui\assets\wallet</Filter>
    </ClCompile>
    <ClCompile Include="..\..\src\ui\gui_assets\wallet\walletWasabi.c">
      <Filter>gui\assets\wallet</Filter>
    </ClCompile>
    <ClCompile Include="..\..\src\ui\gui_assets\wallet\walletXrptoolkit.c">
      <Filter>gui\assets\wallet</Filter>
    </ClCompile>
    <ClCompile Include="..\..\src\ui\gui_assets\wallet\walletYearn.c">
      <Filter>gui\assets\wallet</Filter>
    </ClCompile>
    <ClCompile Include="..\..\src\ui\gui_assets\wallet\walletZapper.c">
      <Filter>gui\assets\wallet</Filter>
    </ClCompile>
    <ClCompile Include="..\..\src\ui\gui_assets\walletList\walletListBlockwallet.c">
      <Filter>gui\assets\wallet</Filter>
    </ClCompile>
    <ClCompile Include="..\..\src\ui\gui_assets\walletList\walletListBlue.c">
      <Filter>gui\assets\wallet</Filter>
    </ClCompile>
    <ClCompile Include="..\..\src\ui\gui_assets\walletList\walletListKeplr.c">
      <Filter>gui\assets\wallet</Filter>
    </ClCompile>
    <ClCompile Include="..\..\src\ui\gui_assets\walletList\walletListKeyStone.c">
      <Filter>gui\assets\wallet</Filter>
    </ClCompile>
    <ClCompile Include="..\..\src\ui\gui_assets\walletList\walletListMetaMask.c">
      <Filter>gui\assets\wallet</Filter>
    </ClCompile>
    <ClCompile Include="..\..\src\ui\gui_assets\walletList\walletListOkx.c">
      <Filter>gui\assets\wallet</Filter>
    </ClCompile>
    <ClCompile Include="..\..\src\ui\gui_assets\walletList\walletListRabby.c">
      <Filter>gui\assets\wallet</Filter>
    </ClCompile>
    <ClCompile Include="..\..\src\ui\gui_assets\walletList\walletListSafe.c">
      <Filter>gui\assets\wallet</Filter>
    </ClCompile>
    <ClCompile Include="..\..\src\ui\gui_assets\walletList\walletListSolfare.c">
      <Filter>gui\assets\wallet</Filter>
    </ClCompile>
    <ClCompile Include="..\..\src\ui\gui_assets\walletList\walletListSub.c">
      <Filter>gui\assets\wallet</Filter>
    </ClCompile>
    <ClCompile Include="..\..\src\ui\gui_assets\walletList\walletListSushi.c">
      <Filter>gui\assets\wallet</Filter>
    </ClCompile>
    <ClCompile Include="..\..\src\ui\gui_assets\walletList\walletListYearn.c">
      <Filter>gui\assets\wallet</Filter>
    </ClCompile>
    <ClCompile Include="..\..\src\ui\gui_assets\walletList\walletListZapper.c">
      <Filter>gui\assets\wallet</Filter>
    </ClCompile>
    <ClCompile Include="..\..\src\ui\gui_assets\img\imgAbout.c">
      <Filter>gui\assets\img</Filter>
    </ClCompile>
    <ClCompile Include="..\..\src\ui\gui_assets\img\imgAboutIcon.c">
      <Filter>gui\assets\img</Filter>
    </ClCompile>
    <ClCompile Include="..\..\src\ui\gui_assets\img\imgAddressType.c">
      <Filter>gui\assets\img</Filter>
    </ClCompile>
    <ClCompile Include="..\..\src\ui\gui_assets\img\imgArrowDown.c">
      <Filter>gui\assets\img</Filter>
    </ClCompile>
    <ClCompile Include="..\..\src\ui\gui_assets\img\imgArrowDownS.c">
      <Filter>gui\assets\img</Filter>
    </ClCompile>
    <ClCompile Include="..\..\src\ui\gui_assets\img\imgArrowLeft.c">
      <Filter>gui\assets\img</Filter>
    </ClCompile>
    <ClCompile Include="..\..\src\ui\gui_assets\img\imgArrowNext.c">
      <Filter>gui\assets\img</Filter>
    </ClCompile>
    <ClCompile Include="..\..\src\ui\gui_assets\img\imgArrowPre.c">
      <Filter>gui\assets\img</Filter>
    </ClCompile>
    <ClCompile Include="..\..\src\ui\gui_assets\img\imgArrowRight.c">
      <Filter>gui\assets\img</Filter>
    </ClCompile>
    <ClCompile Include="..\..\src\ui\gui_assets\img\imgArrowRightO.c">
      <Filter>gui\assets\img</Filter>
    </ClCompile>
    <ClCompile Include="..\..\src\ui\gui_assets\img\imgArrowRightS.c">
      <Filter>gui\assets\img</Filter>
    </ClCompile>
    <ClCompile Include="..\..\src\ui\gui_assets\img\imgArrowUpS.c">
      <Filter>gui\assets\img</Filter>
    </ClCompile>
    <ClCompile Include="..\..\src\ui\gui_assets\img\imgBackspace.c">
      <Filter>gui\assets\img</Filter>
    </ClCompile>
    <ClCompile Include="..\..\src\ui\gui_assets\img\imgBattery.c">
      <Filter>gui\assets\img</Filter>
    </ClCompile>
    <ClCompile Include="..\..\src\ui\gui_assets\img\imgBatteryPower10.c">
      <Filter>gui\assets\img</Filter>
    </ClCompile>
    <ClCompile Include="..\..\src\ui\gui_assets\img\imgBatteryPower20.c">
      <Filter>gui\assets\img</Filter>
    </ClCompile>
    <ClCompile Include="..\..\src\ui\gui_assets\img\imgBatteryPower30.c">
      <Filter>gui\assets\img</Filter>
    </ClCompile>
    <ClCompile Include="..\..\src\ui\gui_assets\img\imgBatteryPowerFull.c">
      <Filter>gui\assets\img</Filter>
    </ClCompile>
    <ClCompile Include="..\..\src\ui\gui_assets\img\imgBootLogo.c">
      <Filter>gui\assets\img</Filter>
    </ClCompile>
    <ClCompile Include="..\..\src\ui\gui_assets\img\imgBrightnessHigh.c">
      <Filter>gui\assets\img</Filter>
    </ClCompile>
    <ClCompile Include="..\..\src\ui\gui_assets\img\imgBrightnessLow.c">
      <Filter>gui\assets\img</Filter>
    </ClCompile>
    <ClCompile Include="..\..\src\ui\gui_assets\img\imgChange.c">
      <Filter>gui\assets\img</Filter>
    </ClCompile>
    <ClCompile Include="..\..\src\ui\gui_assets\img\imgCharging.c">
      <Filter>gui\assets\img</Filter>
    </ClCompile>
    <ClCompile Include="..\..\src\ui\gui_assets\img\imgCheck.c">
      <Filter>gui\assets\img</Filter>
    </ClCompile>
    <ClCompile Include="..\..\src\ui\gui_assets\img\imgClose.c">
      <Filter>gui\assets\img</Filter>
    </ClCompile>
    <ClCompile Include="..\..\src\ui\gui_assets\img\imgConfirmSlider.c">
      <Filter>gui\assets\img</Filter>
    </ClCompile>
    <ClCompile Include="..\..\src\ui\gui_assets\img\imgConnect.c">
      <Filter>gui\assets\img</Filter>
    </ClCompile>
    <ClCompile Include="..\..\src\ui\gui_assets\img\imgConnection.c">
      <Filter>gui\assets\img</Filter>
    </ClCompile>
    <ClCompile Include="..\..\src\ui\gui_assets\img\imgContract.c">
      <Filter>gui\assets\img</Filter>
    </ClCompile>
    <ClCompile Include="..\..\src\ui\gui_assets\img\imgConversion.c">
      <Filter>gui\assets\img</Filter>
    </ClCompile>
    <ClCompile Include="..\..\src\ui\gui_assets\img\imgCosmosTag.c">
      <Filter>gui\assets\img</Filter>
    </ClCompile>
    <ClCompile Include="..\..\src\ui\gui_assets\img\imgDel.c">
      <Filter>gui\assets\img</Filter>
    </ClCompile>
    <ClCompile Include="..\..\src\ui\gui_assets\img\imgDelete.c">
      <Filter>gui\assets\img</Filter>
    </ClCompile>
    <ClCompile Include="..\..\src\ui\gui_assets\img\imgDeleteL.c">
      <Filter>gui\assets\img</Filter>
    </ClCompile>
    <ClCompile Include="..\..\src\ui\gui_assets\img\imgDelWallet.c">
      <Filter>gui\assets\img</Filter>
    </ClCompile>
    <ClCompile Include="..\..\src\ui\gui_assets\img\imgDiscord.c">
      <Filter>gui\assets\img</Filter>
    </ClCompile>
    <ClCompile Include="..\..\src\ui\gui_assets\img\imgEdit.c">
      <Filter>gui\assets\img</Filter>
    </ClCompile>
    <ClCompile Include="..\..\src\ui\gui_assets\img\imgEns.c">
      <Filter>gui\assets\img</Filter>
    </ClCompile>
    <ClCompile Include="..\..\src\ui\gui_assets\img\imgExport.c">
      <Filter>gui\assets\img</Filter>
    </ClCompile>
    <ClCompile Include="..\..\src\ui\gui_assets\img\imgEye.c">
      <Filter>gui\assets\img</Filter>
    </ClCompile>
    <ClCompile Include="..\..\src\ui\gui_assets\img\imgEyeOff.c">
      <Filter>gui\assets\img</Filter>
    </ClCompile>
    <ClCompile Include="..\..\src\ui\gui_assets\img\imgEyeOn.c">
      <Filter>gui\assets\img</Filter>
    </ClCompile>
    <ClCompile Include="..\..\src\ui\gui_assets\img\imgFailed.c">
      <Filter>gui\assets\img</Filter>
    </ClCompile>
    <ClCompile Include="..\..\src\ui\gui_assets\img\imgFirmwareUp.c">
      <Filter>gui\assets\img</Filter>
    </ClCompile>
    <ClCompile Include="..\..\src\ui\gui_assets\img\imgForget.c">
      <Filter>gui\assets\img</Filter>
    </ClCompile>
    <ClCompile Include="..\..\src\ui\gui_assets\img\imgGreenFinger.c">
      <Filter>gui\assets\img</Filter>
    </ClCompile>
    <ClCompile Include="..\..\src\ui\gui_assets\img\imgImport.c">
      <Filter>gui\assets\img</Filter>
    </ClCompile>
    <ClCompile Include="..\..\src\ui\gui_assets\img\imgInformation.c">
      <Filter>gui\assets\img</Filter>
    </ClCompile>
    <ClCompile Include="..\..\src\ui\gui_assets\img\imgLock.c">
      <Filter>gui\assets\img</Filter>
    </ClCompile>
    <ClCompile Include="..\..\src\ui\gui_assets\img\imgLockDestroy.c">
      <Filter>gui\assets\img</Filter>
    </ClCompile>
    <ClCompile Include="..\..\src\ui\gui_assets\img\imgLockedDevice.c">
      <Filter>gui\assets\img</Filter>
    </ClCompile>
    <ClCompile Include="..\..\src\ui\gui_assets\img\imgLockedLock.c">
      <Filter>gui\assets\img</Filter>
    </ClCompile>
    <ClCompile Include="..\..\src\ui\gui_assets\img\imgLogoGraph.c">
      <Filter>gui\assets\img</Filter>
    </ClCompile>
    <ClCompile Include="..\..\src\ui\gui_assets\img\imgLogoGraphL.c">
      <Filter>gui\assets\img</Filter>
    </ClCompile>
    <ClCompile Include="..\..\src\ui\gui_assets\img\imgLTCorner.c">
      <Filter>gui\assets\img</Filter>
    </ClCompile>
    <ClCompile Include="..\..\src\ui\gui_assets\img\imgManage.c">
      <Filter>gui\assets\img</Filter>
    </ClCompile>
    <ClCompile Include="..\..\src\ui\gui_assets\img\imgManage2.c">
      <Filter>gui\assets\img</Filter>
    </ClCompile>
    <ClCompile Include="..\..\src\ui\gui_assets\img\imgMessageSelect.c">
      <Filter>gui\assets\img</Filter>
    </ClCompile>
    <ClCompile Include="..\..\src\ui\gui_assets\img\imgMicroSd.c">
      <Filter>gui\assets\img</Filter>
    </ClCompile>
    <ClCompile Include="..\..\src\ui\gui_assets\img\imgMore.c">
      <Filter>gui\assets\img</Filter>
    </ClCompile>
    <ClCompile Include="..\..\src\ui\gui_assets\img\imgNetwork.c">
      <Filter>gui\assets\img</Filter>
    </ClCompile>
    <ClCompile Include="..\..\src\ui\gui_assets\img\imgObserve.c">
      <Filter>gui\assets\img</Filter>
    </ClCompile>
    <ClCompile Include="..\..\src\ui\gui_assets\img\imgPath.c">
      <Filter>gui\assets\img</Filter>
    </ClCompile>
    <ClCompile Include="..\..\src\ui\gui_assets\img\imgPowerOff.c">
      <Filter>gui\assets\img</Filter>
    </ClCompile>
    <ClCompile Include="..\..\src\ui\gui_assets\img\imgQrcode36px.c">
      <Filter>gui\assets\img</Filter>
    </ClCompile>
    <ClCompile Include="..\..\src\ui\gui_assets\img\imgQrcodeTurquoise.c">
      <Filter>gui\assets\img</Filter>
    </ClCompile>
    <ClCompile Include="..\..\src\ui\gui_assets\img\imgQuestion.c">
      <Filter>gui\assets\img</Filter>
    </ClCompile>
    <ClCompile Include="..\..\src\ui\gui_assets\img\imgReboot.c">
      <Filter>gui\assets\img</Filter>
    </ClCompile>
    <ClCompile Include="..\..\src\ui\gui_assets\img\imgReceive.c">
      <Filter>gui\assets\img</Filter>
    </ClCompile>
    <ClCompile Include="..\..\src\ui\gui_assets\img\imgRedEye.c">
      <Filter>gui\assets\img</Filter>
    </ClCompile>
    <ClCompile Include="..\..\src\ui\gui_assets\img\imgRedFinger.c">
      <Filter>gui\assets\img</Filter>
    </ClCompile>
    <ClCompile Include="..\..\src\ui\gui_assets\img\imgReset.c">
      <Filter>gui\assets\img</Filter>
    </ClCompile>
    <ClCompile Include="..\..\src\ui\gui_assets\img\imgScan.c">
      <Filter>gui\assets\img</Filter>
    </ClCompile>
    <ClCompile Include="..\..\src\ui\gui_assets\img\imgSdCard.c">
      <Filter>gui\assets\img</Filter>
    </ClCompile>
    <ClCompile Include="..\..\src\ui\gui_assets\img\imgSdCardL.c">
      <Filter>gui\assets\img</Filter>
    </ClCompile>
    <ClCompile Include="..\..\src\ui\gui_assets\img\imgSearch.c">
      <Filter>gui\assets\img</Filter>
    </ClCompile>
    <ClCompile Include="..\..\src\ui\gui_assets\img\imgSettings.c">
      <Filter>gui\assets\img</Filter>
    </ClCompile>
    <ClCompile Include="..\..\src\ui\gui_assets\img\imgSingleBackup.c">
      <Filter>gui\assets\img</Filter>
    </ClCompile>
    <ClCompile Include="..\..\src\ui\gui_assets\img\imgSkip.c">
      <Filter>gui\assets\img</Filter>
    </ClCompile>
    <ClCompile Include="..\..\src\ui\gui_assets\img\imgSmartContract.c">
      <Filter>gui\assets\img</Filter>
    </ClCompile>
    <ClCompile Include="..\..\src\ui\gui_assets\img\imgSuccess.c">
      <Filter>gui\assets\img</Filter>
    </ClCompile>
    <ClCompile Include="..\..\src\ui\gui_assets\img\imgSwitch.c">
      <Filter>gui\assets\img</Filter>
    </ClCompile>
    <ClCompile Include="..\..\src\ui\gui_assets\img\imgSystemSetting.c">
      <Filter>gui\assets\img</Filter>
    </ClCompile>
    <ClCompile Include="..\..\src\ui\gui_assets\img\imgTelegram.c">
      <Filter>gui\assets\img</Filter>
    </ClCompile>
    <ClCompile Include="..\..\src\ui\gui_assets\img\imgTransfer.c">
      <Filter>gui\assets\img</Filter>
    </ClCompile>
    <ClCompile Include="..\..\src\ui\gui_assets\img\imgTutorial.c">
      <Filter>gui\assets\img</Filter>
    </ClCompile>
    <ClCompile Include="..\..\src\ui\gui_assets\img\imgTutorialS.c">
      <Filter>gui\assets\img</Filter>
    </ClCompile>
    <ClCompile Include="..\..\src\ui\gui_assets\img\imgTwitter.c">
      <Filter>gui\assets\img</Filter>
    </ClCompile>
    <ClCompile Include="..\..\src\ui\gui_assets\img\imgUncheckCircle.c">
      <Filter>gui\assets\img</Filter>
    </ClCompile>
    <ClCompile Include="..\..\src\ui\gui_assets\img\imgUnitConversion.c">
      <Filter>gui\assets\img</Filter>
    </ClCompile>
    <ClCompile Include="..\..\src\ui\gui_assets\img\imgUsb.c">
      <Filter>gui\assets\img</Filter>
    </ClCompile>
    <ClCompile Include="..\..\src\ui\gui_assets\img\imgUsbConnection.c">
      <Filter>gui\assets\img</Filter>
    </ClCompile>
    <ClCompile Include="..\..\src\ui\gui_assets\img\imgWallet.c">
      <Filter>gui\assets\img</Filter>
    </ClCompile>
    <ClCompile Include="..\..\src\ui\gui_assets\img\imgWallet2.c">
      <Filter>gui\assets\img</Filter>
    </ClCompile>
    <ClCompile Include="..\..\src\ui\gui_assets\img\imgWalletLock.c">
      <Filter>gui\assets\img</Filter>
    </ClCompile>
    <ClCompile Include="..\..\src\ui\gui_assets\img\imgWalletSetting.c">
      <Filter>gui\assets\img</Filter>
    </ClCompile>
    <ClCompile Include="..\..\src\ui\gui_assets\img\imgWalletSettings.c">
      <Filter>gui\assets\img</Filter>
    </ClCompile>
    <ClCompile Include="..\..\src\ui\gui_assets\img\imgWarn.c">
      <Filter>gui\assets\img</Filter>
    </ClCompile>
    <ClCompile Include="..\..\src\ui\gui_assets\img\imgWarning.c">
      <Filter>gui\assets\img</Filter>
    </ClCompile>
    <ClCompile Include="..\..\src\ui\gui_assets\img\imgWhiteFinger.c">
      <Filter>gui\assets\img</Filter>
    </ClCompile>
    <ClCompile Include="..\..\src\ui\gui_assets\img\imgWipe.c">
      <Filter>gui\assets\img</Filter>
    </ClCompile>
    <ClCompile Include="..\..\src\ui\gui_assets\img\imgWipeDevice.c">
      <Filter>gui\assets\img</Filter>
    </ClCompile>
    <ClCompile Include="..\..\src\ui\gui_assets\img\imgYellowFinger.c">
      <Filter>gui\assets\img</Filter>
    </ClCompile>
    <ClCompile Include="..\..\src\ui\gui_views\gui_about_device_info_view.c">
      <Filter>gui\gui_views</Filter>
    </ClCompile>
    <ClCompile Include="..\..\src\ui\gui_views\gui_about_keystone_view.c">
      <Filter>gui\gui_views</Filter>
    </ClCompile>
    <ClCompile Include="..\..\src\ui\gui_views\gui_about_terms_view.c">
      <Filter>gui\gui_views</Filter>
    </ClCompile>
    <ClCompile Include="..\..\src\ui\gui_views\gui_about_view.c">
      <Filter>gui\gui_views</Filter>
    </ClCompile>
    <ClCompile Include="..\..\src\ui\gui_views\gui_connect_wallet_view.c">
      <Filter>gui\gui_views</Filter>
    </ClCompile>
    <ClCompile Include="..\..\src\ui\gui_views\gui_connection_view.c">
      <Filter>gui\gui_views</Filter>
    </ClCompile>
    <ClCompile Include="..\..\src\ui\gui_views\gui_create_share_view.c">
      <Filter>gui\gui_views</Filter>
    </ClCompile>
    <ClCompile Include="..\..\src\ui\gui_views\gui_create_wallet_view.c">
      <Filter>gui\gui_views</Filter>
    </ClCompile>
    <ClCompile Include="..\..\src\ui\gui_views\gui_device_public_key_view.c">
      <Filter>gui\gui_views</Filter>
    </ClCompile>
    <ClCompile Include="..\..\src\ui\gui_views\gui_dispaly_view.c">
      <Filter>gui\gui_views</Filter>
    </ClCompile>
    <ClCompile Include="..\..\src\ui\gui_views\gui_firmware_update_view.c">
      <Filter>gui\gui_views</Filter>
    </ClCompile>
    <ClCompile Include="..\..\src\ui\gui_views\gui_forget_pass_view.c">
      <Filter>gui\gui_views</Filter>
    </ClCompile>
    <ClCompile Include="..\..\src\ui\gui_views\gui_home_view.c">
      <Filter>gui\gui_views</Filter>
    </ClCompile>
    <ClCompile Include="..\..\src\ui\gui_views\gui_import_phrase_view.c">
      <Filter>gui\gui_views</Filter>
    </ClCompile>
    <ClCompile Include="..\..\src\ui\gui_views\gui_import_share_view.c">
      <Filter>gui\gui_views</Filter>
    </ClCompile>
    <ClCompile Include="..\..\src\ui\gui_views\gui_inactive_view.c">
      <Filter>gui\gui_views</Filter>
    </ClCompile>
    <ClCompile Include="..\..\src\ui\gui_views\gui_init_view.c">
      <Filter>gui\gui_views</Filter>
    </ClCompile>
    <ClCompile Include="..\..\src\ui\gui_views\gui_lock_device_view.c">
      <Filter>gui\gui_views</Filter>
    </ClCompile>
    <ClCompile Include="..\..\src\ui\gui_views\gui_lock_view.c">
      <Filter>gui\gui_views</Filter>
    </ClCompile>
    <ClCompile Include="..\..\src\ui\gui_views\gui_passphrase_view.c">
      <Filter>gui\gui_views</Filter>
    </ClCompile>
    <ClCompile Include="..\..\src\ui\gui_views\gui_purpose_view.c">
      <Filter>gui\gui_views</Filter>
    </ClCompile>
    <ClCompile Include="..\..\src\ui\gui_views\gui_self_destruct_view.c">
      <Filter>gui\gui_views</Filter>
    </ClCompile>
    <ClCompile Include="..\..\src\ui\gui_views\gui_setting_view.c">
      <Filter>gui\gui_views</Filter>
    </ClCompile>
    <ClCompile Include="..\..\src\ui\gui_views\gui_setup_view.c">
      <Filter>gui\gui_views</Filter>
    </ClCompile>
    <ClCompile Include="..\..\src\ui\gui_views\gui_single_phrase_view.c">
      <Filter>gui\gui_views</Filter>
    </ClCompile>
    <ClCompile Include="..\..\src\ui\gui_views\gui_standard_receive_view.c">
      <Filter>gui\gui_views</Filter>
    </ClCompile>
    <ClCompile Include="..\..\src\ui\gui_views\gui_system_setting_view.c">
      <Filter>gui\gui_views</Filter>
    </ClCompile>
    <ClCompile Include="..\..\src\ui\gui_views\gui_tutorial_view.c">
      <Filter>gui\gui_views</Filter>
    </ClCompile>
    <ClCompile Include="..\..\src\ui\gui_views\gui_utxo_receive_view.c">
      <Filter>gui\gui_views</Filter>
    </ClCompile>
    <ClCompile Include="..\..\src\ui\gui_views\gui_views.c">
      <Filter>gui\gui_views</Filter>
    </ClCompile>
    <ClCompile Include="..\..\src\ui\gui_views\gui_wallet_tutorial_view.c">
      <Filter>gui\gui_views</Filter>
    </ClCompile>
    <ClCompile Include="..\..\src\ui\gui_views\gui_web_auth_result_view.c">
      <Filter>gui\gui_views</Filter>
    </ClCompile>
    <ClCompile Include="..\..\src\ui\gui_views\gui_web_auth_view.c">
      <Filter>gui\gui_views</Filter>
    </ClCompile>
    <ClCompile Include="..\..\src\ui\gui_views\gui_wipe_device_view.c">
      <Filter>gui\gui_views</Filter>
    </ClCompile>
    <ClCompile Include="..\..\src\ui\wallet\gui_qr_code.c">
      <Filter>gui\wallet</Filter>
    </ClCompile>
    <ClCompile Include="..\..\src\ui\wallet\gui_wallet.c">
      <Filter>gui\wallet</Filter>
    </ClCompile>
    <ClCompile Include="..\..\src\ui\gui_widgets\setting\gui_fingerprint_widgets.c">
      <Filter>gui\gui_widgets</Filter>
    </ClCompile>
    <ClCompile Include="..\..\src\ui\gui_widgets\setting\gui_namewallet_widgets.c">
      <Filter>gui\gui_widgets</Filter>
    </ClCompile>
    <ClCompile Include="..\..\src\ui\gui_widgets\setting\gui_passphrase_setting_widgets.c">
      <Filter>gui\gui_widgets</Filter>
    </ClCompile>
    <ClCompile Include="..\..\src\ui\gui_widgets\setting\gui_seed_check_widgets.c">
      <Filter>gui\gui_widgets</Filter>
    </ClCompile>
    <ClCompile Include="..\..\src\ui\gui_widgets\setting\gui_setting_widgets.c">
      <Filter>gui\gui_widgets</Filter>
    </ClCompile>
    <ClCompile Include="..\..\src\ui\gui_widgets\setting\gui_wallet_setting_widgets.c">
      <Filter>gui\gui_widgets</Filter>
    </ClCompile>
    <ClCompile Include="..\..\src\ui\gui_widgets\gui_about_info_widgets.c">
      <Filter>gui\gui_widgets</Filter>
    </ClCompile>
    <ClCompile Include="..\..\src\ui\gui_widgets\gui_about_keystone_widgets.c">
      <Filter>gui\gui_widgets</Filter>
    </ClCompile>
    <ClCompile Include="..\..\src\ui\gui_widgets\gui_about_terms_widgets.c">
      <Filter>gui\gui_widgets</Filter>
    </ClCompile>
    <ClCompile Include="..\..\src\ui\gui_widgets\gui_about_widgets.c">
      <Filter>gui\gui_widgets</Filter>
    </ClCompile>
    <ClCompile Include="..\..\src\ui\gui_widgets\gui_connect_wallet_widgets.c">
      <Filter>gui\gui_widgets</Filter>
    </ClCompile>
    <ClCompile Include="..\..\src\ui\gui_widgets\gui_connection_widgets.c">
      <Filter>gui\gui_widgets</Filter>
    </ClCompile>
    <ClCompile Include="..\..\src\ui\gui_widgets\gui_create_share_widgets.c">
      <Filter>gui\gui_widgets</Filter>
    </ClCompile>
    <ClCompile Include="..\..\src\ui\gui_widgets\gui_create_wallet_widgets.c">
      <Filter>gui\gui_widgets</Filter>
    </ClCompile>
    <ClCompile Include="..\..\src\ui\gui_widgets\gui_device_public_key_widgets.c">
      <Filter>gui\gui_widgets</Filter>
    </ClCompile>
    <ClCompile Include="..\..\src\ui\gui_widgets\gui_display_widgets.c">
      <Filter>gui\gui_widgets</Filter>
    </ClCompile>
    <ClCompile Include="..\..\src\ui\gui_widgets\gui_enter_passcode.c">
      <Filter>gui\gui_widgets</Filter>
    </ClCompile>
    <ClCompile Include="..\..\src\ui\gui_widgets\gui_firmware_process_widgets.c">
      <Filter>gui\gui_widgets</Filter>
    </ClCompile>
    <ClCompile Include="..\..\src\ui\gui_widgets\gui_firmware_update_deny_widgets.c">
      <Filter>gui\gui_widgets</Filter>
    </ClCompile>
    <ClCompile Include="..\..\src\ui\gui_widgets\gui_firmware_update_widgets.c">
      <Filter>gui\gui_widgets</Filter>
    </ClCompile>
    <ClCompile Include="..\..\src\ui\gui_widgets\gui_forget_pass_widgets.c">
      <Filter>gui\gui_widgets</Filter>
    </ClCompile>
    <ClCompile Include="..\..\src\ui\gui_widgets\gui_home_widgets.c">
      <Filter>gui\gui_widgets</Filter>
    </ClCompile>
    <ClCompile Include="..\..\src\ui\gui_widgets\gui_import_phrase_widgets.c">
      <Filter>gui\gui_widgets</Filter>
    </ClCompile>
    <ClCompile Include="..\..\src\ui\gui_widgets\gui_import_share_widgets.c">
      <Filter>gui\gui_widgets</Filter>
    </ClCompile>
    <ClCompile Include="..\..\src\ui\gui_widgets\gui_inactive_widgets.c">
      <Filter>gui\gui_widgets</Filter>
    </ClCompile>
    <ClCompile Include="..\..\src\ui\gui_widgets\gui_lock_device_widgets.c">
      <Filter>gui\gui_widgets</Filter>
    </ClCompile>
    <ClCompile Include="..\..\src\ui\gui_widgets\gui_lock_widgets.c">
      <Filter>gui\gui_widgets</Filter>
    </ClCompile>
    <ClCompile Include="..\..\src\ui\gui_widgets\gui_low_battery_widgets.c">
      <Filter>gui\gui_widgets</Filter>
    </ClCompile>
    <ClCompile Include="..\..\src\ui\gui_widgets\gui_passphrase_widgets.c">
      <Filter>gui\gui_widgets</Filter>
    </ClCompile>
    <ClCompile Include="..\..\src\ui\gui_widgets\gui_pop_message_box.c">
      <Filter>gui\gui_widgets</Filter>
    </ClCompile>
    <ClCompile Include="..\..\src\ui\gui_widgets\gui_power_option_widgets.c">
      <Filter>gui\gui_widgets</Filter>
    </ClCompile>
    <ClCompile Include="..\..\src\ui\gui_widgets\gui_purpose_widgets.c">
      <Filter>gui\gui_widgets</Filter>
    </ClCompile>
    <ClCompile Include="..\..\src\ui\gui_widgets\gui_self_destruct_widgets.c">
      <Filter>gui\gui_widgets</Filter>
    </ClCompile>
    <ClCompile Include="..\..\src\ui\gui_widgets\gui_setup_widgets.c">
      <Filter>gui\gui_widgets</Filter>
    </ClCompile>
    <ClCompile Include="..\..\src\ui\gui_widgets\gui_single_phrase_widgets.c">
      <Filter>gui\gui_widgets</Filter>
    </ClCompile>
    <ClCompile Include="..\..\src\ui\gui_widgets\gui_standard_receive_widgets.c">
      <Filter>gui\gui_widgets</Filter>
    </ClCompile>
    <ClCompile Include="..\..\src\ui\gui_widgets\gui_system_setting_widgets.c">
      <Filter>gui\gui_widgets</Filter>
    </ClCompile>
    <ClCompile Include="..\..\src\ui\gui_widgets\gui_tutorial_widgets.c">
      <Filter>gui\gui_widgets</Filter>
    </ClCompile>
    <ClCompile Include="..\..\src\ui\gui_widgets\gui_usb_connection_widgets.c">
      <Filter>gui\gui_widgets</Filter>
    </ClCompile>
    <ClCompile Include="..\..\src\ui\gui_widgets\gui_utxo_receive_widgets.c">
      <Filter>gui\gui_widgets</Filter>
    </ClCompile>
    <ClCompile Include="..\..\src\ui\gui_widgets\gui_wallet_tutorial_widgets.c">
      <Filter>gui\gui_widgets</Filter>
    </ClCompile>
    <ClCompile Include="..\..\src\ui\gui_widgets\gui_web_auth_result_widgets.c">
      <Filter>gui\gui_widgets</Filter>
    </ClCompile>
    <ClCompile Include="..\..\src\ui\gui_widgets\gui_web_auth_widgets.c">
      <Filter>gui\gui_widgets</Filter>
    </ClCompile>
    <ClCompile Include="..\..\src\ui\gui_widgets\gui_wipe_device_widgets.c">
      <Filter>gui\gui_widgets</Filter>
    </ClCompile>
    <ClCompile Include="..\..\src\ui\gui_assets\bigQRCode.c">
      <Filter>gui\assets</Filter>
    </ClCompile>
    <ClCompile Include="..\..\src\ui\gui_assets\blue.c">
      <Filter>gui\assets</Filter>
    </ClCompile>
    <ClCompile Include="..\..\src\ui\gui_assets\circular.c">
      <Filter>gui\assets</Filter>
    </ClCompile>
    <ClCompile Include="..\..\src\ui\gui_assets\election.c">
      <Filter>gui\assets</Filter>
    </ClCompile>
    <ClCompile Include="..\..\src\ui\gui_assets\keyStone.c">
      <Filter>gui\assets</Filter>
    </ClCompile>
    <ClCompile Include="..\..\src\ui\gui_assets\messageRight.c">
      <Filter>gui\assets</Filter>
    </ClCompile>
    <ClCompile Include="..\..\src\ui\gui_assets\nunchuck.c">
      <Filter>gui\assets</Filter>
    </ClCompile>
    <ClCompile Include="..\..\src\ui\gui_assets\qrCode.c">
      <Filter>gui\assets</Filter>
    </ClCompile>
    <ClCompile Include="..\..\src\ui\gui_assets\ring.c">
      <Filter>gui\assets</Filter>
    </ClCompile>
    <ClCompile Include="..\..\src\ui\gui_assets\sparrow.c">
      <Filter>gui\assets</Filter>
    </ClCompile>
    <ClCompile Include="..\..\src\ui\gui_assets\specter.c">
      <Filter>gui\assets</Filter>
    </ClCompile>
    <ClCompile Include="..\..\src\ui\gui_components\gui_animating_qrcode.c">
      <Filter>gui\gui_components</Filter>
    </ClCompile>
    <ClCompile Include="..\..\src\ui\gui_components\gui_button.c">
      <Filter>gui\gui_components</Filter>
    </ClCompile>
    <ClCompile Include="..\..\src\ui\gui_components\gui_fullscreen_mode.c">
      <Filter>gui\gui_components</Filter>
    </ClCompile>
    <ClCompile Include="..\..\src\ui\gui_components\gui_hintbox.c">
      <Filter>gui\gui_components</Filter>
    </ClCompile>
    <ClCompile Include="..\..\src\ui\gui_components\gui_keyboard.c">
      <Filter>gui\gui_components</Filter>
    </ClCompile>
    <ClCompile Include="..\..\src\ui\gui_components\gui_keyboard_hintbox.c">
      <Filter>gui\gui_components</Filter>
    </ClCompile>
    <ClCompile Include="..\..\src\ui\gui_components\gui_letter_tree.c">
      <Filter>gui\gui_components</Filter>
    </ClCompile>
    <ClCompile Include="..\..\src\ui\gui_components\gui_mnemonic_input.c">
      <Filter>gui\gui_components</Filter>
    </ClCompile>
    <ClCompile Include="..\..\src\ui\gui_components\gui_page.c">
      <Filter>gui\gui_components</Filter>
    </ClCompile>
    <ClCompile Include="..\..\src\ui\gui_components\gui_pending_hintbox.c">
      <Filter>gui\gui_components</Filter>
    </ClCompile>
    <ClCompile Include="..\..\src\ui\gui_components\gui_qr_hintbox.c">
      <Filter>gui\gui_components</Filter>
    </ClCompile>
    <ClCompile Include="..\..\src\ui\gui_components\gui_status_bar.c">
      <Filter>gui\gui_components</Filter>
    </ClCompile>
    <ClCompile Include="..\..\src\ui\lv_i18n\lv_i18n.c">
      <Filter>gui\gui_i18n</Filter>
    </ClCompile>
    <ClCompile Include="..\..\src\ui\lv_i18n\lv_i18n_api.c">
      <Filter>gui\gui_i18n</Filter>
    </ClCompile>
    <ClCompile Include="..\..\src\ui\gui_assets\coin\coinAkt.c">
      <Filter>gui\assets\coin</Filter>
    </ClCompile>
    <ClCompile Include="..\..\src\ui\gui_assets\coin\coinApt.c">
      <Filter>gui\assets\coin</Filter>
    </ClCompile>
    <ClCompile Include="..\..\src\ui\gui_assets\coin\coinAtom.c">
      <Filter>gui\assets\coin</Filter>
    </ClCompile>
    <ClCompile Include="..\..\src\ui\gui_assets\coin\coinAva.c">
      <Filter>gui\assets\coin</Filter>
    </ClCompile>
    <ClCompile Include="..\..\src\ui\gui_assets\coin\coinAxl.c">
      <Filter>gui\assets\coin</Filter>
    </ClCompile>
    <ClCompile Include="..\..\src\ui\gui_assets\coin\coinBch.c">
      <Filter>gui\assets\coin</Filter>
    </ClCompile>
    <ClCompile Include="..\..\src\ui\gui_assets\coin\coinBld.c">
      <Filter>gui\assets\coin</Filter>
    </ClCompile>
    <ClCompile Include="..\..\src\ui\gui_assets\coin\coinBnb.c">
      <Filter>gui\assets\coin</Filter>
    </ClCompile>
    <ClCompile Include="..\..\src\ui\gui_assets\coin\coinBoot.c">
      <Filter>gui\assets\coin</Filter>
    </ClCompile>
    <ClCompile Include="..\..\src\ui\gui_assets\coin\coinBtc.c">
      <Filter>gui\assets\coin</Filter>
    </ClCompile>
    <ClCompile Include="..\..\src\ui\gui_assets\coin\coinCro.c">
      <Filter>gui\assets\coin</Filter>
    </ClCompile>
    <ClCompile Include="..\..\src\ui\gui_assets\coin\coinCtk.c">
      <Filter>gui\assets\coin</Filter>
    </ClCompile>
    <ClCompile Include="..\..\src\ui\gui_assets\coin\coinDash.c">
      <Filter>gui\assets\coin</Filter>
    </ClCompile>
    <ClCompile Include="..\..\src\ui\gui_assets\coin\coinDot.c">
      <Filter>gui\assets\coin</Filter>
    </ClCompile>
    <ClCompile Include="..\..\src\ui\gui_assets\coin\coinDvpn.c">
      <Filter>gui\assets\coin</Filter>
    </ClCompile>
    <ClCompile Include="..\..\src\ui\gui_assets\coin\coinEth.c">
      <Filter>gui\assets\coin</Filter>
    </ClCompile>
    <ClCompile Include="..\..\src\ui\gui_assets\coin\coinEvmos.c">
      <Filter>gui\assets\coin</Filter>
    </ClCompile>
    <ClCompile Include="..\..\src\ui\gui_assets\coin\coinGrav.c">
      <Filter>gui\assets\coin</Filter>
    </ClCompile>
    <ClCompile Include="..\..\src\ui\gui_assets\coin\coinInj.c">
      <Filter>gui\assets\coin</Filter>
    </ClCompile>
    <ClCompile Include="..\..\src\ui\gui_assets\coin\coinIov.c">
      <Filter>gui\assets\coin</Filter>
    </ClCompile>
    <ClCompile Include="..\..\src\ui\gui_assets\coin\coinIris.c">
      <Filter>gui\assets\coin</Filter>
    </ClCompile>
    <ClCompile Include="..\..\src\ui\gui_assets\coin\coinIxo.c">
      <Filter>gui\assets\coin</Filter>
    </ClCompile>
    <ClCompile Include="..\..\src\ui\gui_assets\coin\coinJuno.c">
      <Filter>gui\assets\coin</Filter>
    </ClCompile>
    <ClCompile Include="..\..\src\ui\gui_assets\coin\coinKava.c">
      <Filter>gui\assets\coin</Filter>
    </ClCompile>
    <ClCompile Include="..\..\src\ui\gui_assets\coin\coinKsm.c">
      <Filter>gui\assets\coin</Filter>
    </ClCompile>
    <ClCompile Include="..\..\src\ui\gui_assets\coin\coinLtc.c">
      <Filter>gui\assets\coin</Filter>
    </ClCompile>
    <ClCompile Include="..\..\src\ui\gui_assets\coin\coinLuna.c">
      <Filter>gui\assets\coin</Filter>
    </ClCompile>
    <ClCompile Include="..\..\src\ui\gui_assets\coin\coinLunc.c">
      <Filter>gui\assets\coin</Filter>
    </ClCompile>
    <ClCompile Include="..\..\src\ui\gui_assets\coin\coinMatic.c">
      <Filter>gui\assets\coin</Filter>
    </ClCompile>
    <ClCompile Include="..\..\src\ui\gui_assets\coin\coinNgm.c">
      <Filter>gui\assets\coin</Filter>
    </ClCompile>
    <ClCompile Include="..\..\src\ui\gui_assets\coin\coinOkb.c">
      <Filter>gui\assets\coin</Filter>
    </ClCompile>
    <ClCompile Include="..\..\src\ui\gui_assets\coin\coinOsmo.c">
      <Filter>gui\assets\coin</Filter>
    </ClCompile>
    <ClCompile Include="..\..\src\ui\gui_assets\coin\coinQck.c">
      <Filter>gui\assets\coin</Filter>
    </ClCompile>
    <ClCompile Include="..\..\src\ui\gui_assets\coin\coinRegen.c">
      <Filter>gui\assets\coin</Filter>
    </ClCompile>
    <ClCompile Include="..\..\src\ui\gui_assets\coin\coinRowan.c">
      <Filter>gui\assets\coin</Filter>
    </ClCompile>
    <ClCompile Include="..\..\src\ui\gui_assets\coin\coinScrt.c">
      <Filter>gui\assets\coin</Filter>
    </ClCompile>
    <ClCompile Include="..\..\src\ui\gui_assets\coin\coinSol.c">
      <Filter>gui\assets\coin</Filter>
    </ClCompile>
    <ClCompile Include="..\..\src\ui\gui_assets\coin\coinSomm.c">
      <Filter>gui\assets\coin</Filter>
    </ClCompile>
    <ClCompile Include="..\..\src\ui\gui_assets\coin\coinStars.c">
      <Filter>gui\assets\coin</Filter>
    </ClCompile>
    <ClCompile Include="..\..\src\ui\gui_assets\coin\coinStrd.c">
      <Filter>gui\assets\coin</Filter>
    </ClCompile>
    <ClCompile Include="..\..\src\ui\gui_assets\coin\coinTgd.c">
      <Filter>gui\assets\coin</Filter>
    </ClCompile>
    <ClCompile Include="..\..\src\ui\gui_assets\coin\coinTrx.c">
      <Filter>gui\assets\coin</Filter>
    </ClCompile>
    <ClCompile Include="..\..\src\ui\gui_assets\coin\coinUmee.c">
      <Filter>gui\assets\coin</Filter>
    </ClCompile>
    <ClCompile Include="..\..\src\ui\gui_assets\coin\coinXprt.c">
      <Filter>gui\assets\coin</Filter>
    </ClCompile>
    <ClCompile Include="..\..\src\ui\gui_assets\coin\coinXrp.c">
      <Filter>gui\assets\coin</Filter>
    </ClCompile>
    <ClCompile Include="..\..\external\cjson\cJSON.c">
      <Filter>third\json</Filter>
    </ClCompile>
    <ClCompile Include="..\..\src\ui\gui_model\gui_model.c">
      <Filter>gui\gui_model</Filter>
    </ClCompile>
    <ClCompile Include="..\..\src\utils\log\log_print.c">
      <Filter>utils</Filter>
    </ClCompile>
    <ClCompile Include="..\..\src\crypto\secret_cache.c">
      <Filter>utils</Filter>
    </ClCompile>
    <ClCompile Include="..\..\src\config\version.c">
      <Filter>utils</Filter>
    </ClCompile>
    <ClCompile Include="..\..\src\ui\gui_chain\gui_btc.c">
      <Filter>gui\gui_chain</Filter>
    </ClCompile>
    <ClCompile Include="..\..\src\ui\gui_chain\gui_cosmos.c">
      <Filter>gui\gui_chain</Filter>
    </ClCompile>
    <ClCompile Include="..\..\src\ui\gui_chain\gui_eth.c">
      <Filter>gui\gui_chain</Filter>
    </ClCompile>
    <ClCompile Include="..\..\src\ui\gui_chain\gui_trx.c">
      <Filter>gui\gui_chain</Filter>
    </ClCompile>
    <ClCompile Include="..\..\src\ui\gui_analyze\gui_analyze.c">
      <Filter>gui\gui_analyze</Filter>
    </ClCompile>
    <ClCompile Include="..\..\src\ui\gui_assets\coin\coinAda.c" />
    <ClCompile Include="..\..\src\ui\gui_assets\coin\coinSui.c" />
    <ClCompile Include="..\..\src\ui\gui_assets\img\imgNextStep.c" />
    <ClCompile Include="..\..\src\ui\gui_assets\img\imgUnknown.c" />
    <ClCompile Include="..\..\src\ui\gui_assets\walletList\walletListEternl.c" />
    <ClCompile Include="..\..\src\ui\gui_assets\walletList\walletListFewcha.c" />
    <ClCompile Include="..\..\src\ui\gui_assets\walletList\walletListPetra.c" />
    <ClCompile Include="..\..\src\ui\gui_assets\wallet\walletPetra.c" />
    <ClCompile Include="..\..\src\ui\gui_chain\gui_aptos.c" />
    <ClCompile Include="..\..\src\ui\gui_chain\gui_sol.c" />
    <ClCompile Include="..\..\src\ui\gui_chain\gui_sui.c" />
    <ClCompile Include="..\..\src\ui\gui_views\gui_key_derivation_request_view.c" />
    <ClCompile Include="..\..\src\ui\gui_views\gui_multi_account_receive_view copy.c" />
    <ClCompile Include="..\..\src\ui\gui_views\gui_multi_path_coin_receive_view.c" />
    <ClCompile Include="..\..\src\ui\gui_widgets\gui_connect_eternl_widgets.c" />
    <ClCompile Include="..\..\src\ui\gui_widgets\gui_global_resources.c" />
    <ClCompile Include="..\..\src\ui\gui_widgets\gui_key_derivation_request_widgets.c" />
    <ClCompile Include="..\..\src\ui\gui_widgets\gui_multi_accounts_receive_widgets.c" />
    <ClCompile Include="..\..\src\ui\gui_widgets\gui_multi_path_coin_receive_widgets.c" />
    <ClCompile Include="..\..\src\ui\gui_chain\gui_ada.c">
      <Filter>gui\gui_chain</Filter>
    </ClCompile>
    <ClCompile Include="..\..\src\ui\gui_assets\coin\coinScroll.c">
      <Filter>gui\assets\coin</Filter>
    </ClCompile>
    <ClCompile Include="..\..\src\ui\gui_assets\img\imgInfo.c">
      <Filter>gui\assets\img</Filter>
    </ClCompile>
    <ClCompile Include="..\..\src\ui\gui_views\gui_scan_view.c">
      <Filter>gui\gui_views</Filter>
    </ClCompile>
    <ClCompile Include="..\..\src\ui\gui_views\gui_transaction_detail_view.c">
      <Filter>gui\gui_views</Filter>
    </ClCompile>
    <ClCompile Include="..\..\src\ui\gui_views\gui_transaction_signature_view.c">
      <Filter>gui\gui_views</Filter>
    </ClCompile>
    <ClCompile Include="..\..\src\ui\gui_chain\gui_chain.c">
      <Filter>gui\gui_chain</Filter>
    </ClCompile>
    <ClCompile Include="..\..\src\ui\gui_chain\gui_xrp.c">
      <Filter>gui\gui_chain</Filter>
    </ClCompile>
    <ClCompile Include="..\..\src\ui\gui_widgets\gui_scan_widgets.c">
      <Filter>gui\gui_widgets</Filter>
    </ClCompile>
    <ClCompile Include="..\..\src\ui\gui_widgets\gui_select_address_widgets.c">
      <Filter>gui\gui_widgets</Filter>
    </ClCompile>
    <ClCompile Include="..\..\src\ui\gui_widgets\gui_transaction_signature_widgets.c">
      <Filter>gui\gui_widgets</Filter>
    </ClCompile>
    <ClCompile Include="..\..\src\ui\gui_assets\wallet\walletImToken.c">
      <Filter>gui\assets\wallet</Filter>
    </ClCompile>
    <ClCompile Include="..\..\src\ui\gui_assets\walletList\walletListImToken.c">
      <Filter>gui\assets\wallet</Filter>
    </ClCompile>
    <ClCompile Include="..\..\src\ui\gui_assets\walletList\walletListSparrow.c">
      <Filter>gui\assets\wallet</Filter>
    </ClCompile>
    <ClCompile Include="..\..\src\ui\gui_assets\walletList\walletListXRPToolkit.c">
      <Filter>gui\assets\wallet</Filter>
    </ClCompile>
    <ClCompile Include="..\..\src\ui\gui_components\gui_led.c">
      <Filter>gui\gui_components</Filter>
    </ClCompile>
    <ClCompile Include="..\..\external\lvgl\examples\widgets\table\lv_example_table_1.c" />
    <ClCompile Include="..\..\external\lvgl\examples\widgets\table\lv_example_table_2.c" />
    <ClCompile Include="..\..\src\ui\gui_assets\coin\coinCosmos.c">
      <Filter>gui\assets\coin</Filter>
    </ClCompile>
    <ClCompile Include="..\..\src\ui\gui_assets\coin\coinCosmosEco.c">
      <Filter>gui\assets\coin</Filter>
    </ClCompile>
    <ClCompile Include="..\..\src\ui\gui_assets\img\imgConnectWithRabby.c">
      <Filter>gui\assets\img</Filter>
    </ClCompile>
    <ClCompile Include="..\..\src\ui\gui_assets\img\imgConnectWithWallet.c">
      <Filter>gui\assets\img</Filter>
    </ClCompile>
    <ClCompile Include="..\..\src\ui\gui_assets\img\imgDice.c">
      <Filter>gui\assets\img</Filter>
    </ClCompile>
    <ClCompile Include="..\..\src\ui\gui_assets\img\imgDice1.c">
      <Filter>gui\assets\img</Filter>
    </ClCompile>
    <ClCompile Include="..\..\src\ui\gui_assets\img\imgDice2.c">
      <Filter>gui\assets\img</Filter>
    </ClCompile>
    <ClCompile Include="..\..\src\ui\gui_assets\img\imgDice3.c">
      <Filter>gui\assets\img</Filter>
    </ClCompile>
    <ClCompile Include="..\..\src\ui\gui_assets\img\imgDice4.c">
      <Filter>gui\assets\img</Filter>
    </ClCompile>
    <ClCompile Include="..\..\src\ui\gui_assets\img\imgDice5.c">
      <Filter>gui\assets\img</Filter>
    </ClCompile>
    <ClCompile Include="..\..\src\ui\gui_assets\img\imgDice6.c">
      <Filter>gui\assets\img</Filter>
    </ClCompile>
    <ClCompile Include="..\..\src\ui\gui_assets\img\imgDiceGrey.c">
      <Filter>gui\assets\img</Filter>
    </ClCompile>
    <ClCompile Include="..\..\src\ui\gui_assets\img\imgUndo.c">
      <Filter>gui\assets\img</Filter>
    </ClCompile>
    <ClCompile Include="..\..\src\ui\gui_views\gui_dice_rolls_view.c">
      <Filter>gui\gui_views</Filter>
    </ClCompile>
    <ClCompile Include="..\..\src\ui\gui_views\gui_usb_transport_view.c">
      <Filter>gui\gui_views</Filter>
    </ClCompile>
    <ClCompile Include="..\..\src\ui\gui_widgets\gui_dice_rolls_widgets.c">
      <Filter>gui\gui_widgets</Filter>
    </ClCompile>
    <ClCompile Include="..\..\src\ui\gui_widgets\gui_usb_transport_widgets.c">
      <Filter>gui\gui_widgets</Filter>
    </ClCompile>
    <ClCompile Include="..\..\src\ui\gui_widgets\gui_transaction_detail_widgets.c">
      <Filter>gui\gui_widgets</Filter>
    </ClCompile>
    <ClCompile Include="..\..\src\ui\gui_widgets\gui_update_success_widgets.c">
      <Filter>gui\gui_widgets</Filter>
    </ClCompile>
    <ClCompile Include="..\..\src\ui\gui_views\gui_update_success_view.c">
      <Filter>gui\gui_views</Filter>
    </ClCompile>
    <ClCompile Include="..\..\src\ui\gui_assets\img\imgUpdate.c">
      <Filter>gui\assets\img</Filter>
    </ClCompile>
  </ItemGroup>
  <ItemGroup>
    <ClInclude Include="..\..\external\lvgl\src\core\lv_disp.h" />
    <ClInclude Include="..\..\external\lvgl\src\core\lv_event.h" />
    <ClInclude Include="..\..\external\lvgl\src\core\lv_group.h" />
    <ClInclude Include="..\..\external\lvgl\src\core\lv_indev.h" />
    <ClInclude Include="..\..\external\lvgl\src\core\lv_indev_scroll.h" />
    <ClInclude Include="..\..\external\lvgl\src\core\lv_obj.h" />
    <ClInclude Include="..\..\external\lvgl\src\core\lv_obj_class.h" />
    <ClInclude Include="..\..\external\lvgl\src\core\lv_obj_draw.h" />
    <ClInclude Include="..\..\external\lvgl\src\core\lv_obj_pos.h" />
    <ClInclude Include="..\..\external\lvgl\src\core\lv_obj_scroll.h" />
    <ClInclude Include="..\..\external\lvgl\src\core\lv_obj_style.h" />
    <ClInclude Include="..\..\external\lvgl\src\core\lv_obj_style_gen.h" />
    <ClInclude Include="..\..\external\lvgl\src\core\lv_obj_tree.h" />
    <ClInclude Include="..\..\external\lvgl\src\core\lv_refr.h" />
    <ClInclude Include="..\..\external\lvgl\src\core\lv_theme.h" />
    <ClInclude Include="..\..\external\lvgl\src\draw\arm2d\lv_gpu_arm2d.h" />
    <ClInclude Include="..\..\external\lvgl\src\draw\nxp\pxp\lv_draw_pxp_blend.h" />
    <ClInclude Include="..\..\external\lvgl\src\draw\nxp\pxp\lv_gpu_nxp_pxp.h" />
    <ClInclude Include="..\..\external\lvgl\src\draw\nxp\pxp\lv_gpu_nxp_pxp_osa.h" />
    <ClInclude Include="..\..\external\lvgl\src\draw\nxp\vglite\lv_draw_vglite_arc.h" />
    <ClInclude Include="..\..\external\lvgl\src\draw\nxp\vglite\lv_draw_vglite_blend.h" />
    <ClInclude Include="..\..\external\lvgl\src\draw\nxp\vglite\lv_draw_vglite_rect.h" />
    <ClInclude Include="..\..\external\lvgl\src\draw\nxp\vglite\lv_gpu_nxp_vglite.h" />
    <ClInclude Include="..\..\external\lvgl\src\draw\nxp\lv_gpu_nxp.h" />
    <ClInclude Include="..\..\external\lvgl\src\draw\sdl\lv_draw_sdl.h" />
    <ClInclude Include="..\..\external\lvgl\src\draw\sdl\lv_draw_sdl_composite.h" />
    <ClInclude Include="..\..\external\lvgl\src\draw\sdl\lv_draw_sdl_img.h" />
    <ClInclude Include="..\..\external\lvgl\src\draw\sdl\lv_draw_sdl_layer.h" />
    <ClInclude Include="..\..\external\lvgl\src\draw\sdl\lv_draw_sdl_mask.h" />
    <ClInclude Include="..\..\external\lvgl\src\draw\sdl\lv_draw_sdl_priv.h" />
    <ClInclude Include="..\..\external\lvgl\src\draw\sdl\lv_draw_sdl_rect.h" />
    <ClInclude Include="..\..\external\lvgl\src\draw\sdl\lv_draw_sdl_stack_blur.h" />
    <ClInclude Include="..\..\external\lvgl\src\draw\sdl\lv_draw_sdl_texture_cache.h" />
    <ClInclude Include="..\..\external\lvgl\src\draw\sdl\lv_draw_sdl_utils.h" />
    <ClInclude Include="..\..\external\lvgl\src\draw\stm32_dma2d\lv_gpu_stm32_dma2d.h" />
    <ClInclude Include="..\..\external\lvgl\src\draw\sw\lv_draw_sw.h" />
    <ClInclude Include="..\..\external\lvgl\src\draw\sw\lv_draw_sw_blend.h" />
    <ClInclude Include="..\..\external\lvgl\src\draw\sw\lv_draw_sw_dither.h" />
    <ClInclude Include="..\..\external\lvgl\src\draw\sw\lv_draw_sw_gradient.h" />
    <ClInclude Include="..\..\external\lvgl\src\draw\swm341_dma2d\lv_gpu_swm341_dma2d.h" />
    <ClInclude Include="..\..\external\lvgl\src\draw\lv_draw.h" />
    <ClInclude Include="..\..\external\lvgl\src\draw\lv_draw_arc.h" />
    <ClInclude Include="..\..\external\lvgl\src\draw\lv_draw_img.h" />
    <ClInclude Include="..\..\external\lvgl\src\draw\lv_draw_label.h" />
    <ClInclude Include="..\..\external\lvgl\src\draw\lv_draw_layer.h" />
    <ClInclude Include="..\..\external\lvgl\src\draw\lv_draw_line.h" />
    <ClInclude Include="..\..\external\lvgl\src\draw\lv_draw_mask.h" />
    <ClInclude Include="..\..\external\lvgl\src\draw\lv_draw_rect.h" />
    <ClInclude Include="..\..\external\lvgl\src\draw\lv_draw_transform.h" />
    <ClInclude Include="..\..\external\lvgl\src\draw\lv_draw_triangle.h" />
    <ClInclude Include="..\..\external\lvgl\src\draw\lv_img_buf.h" />
    <ClInclude Include="..\..\external\lvgl\src\draw\lv_img_cache.h" />
    <ClInclude Include="..\..\external\lvgl\src\draw\lv_img_decoder.h" />
    <ClInclude Include="..\..\external\lvgl\src\extra\layouts\flex\lv_flex.h" />
    <ClInclude Include="..\..\external\lvgl\src\extra\layouts\grid\lv_grid.h" />
    <ClInclude Include="..\..\external\lvgl\src\extra\layouts\lv_layouts.h" />
    <ClInclude Include="..\..\external\lvgl\src\extra\libs\bmp\lv_bmp.h" />
    <ClInclude Include="..\..\external\lvgl\src\extra\libs\ffmpeg\lv_ffmpeg.h" />
    <ClInclude Include="..\..\external\lvgl\src\extra\libs\freetype\lv_freetype.h" />
    <ClInclude Include="..\..\external\lvgl\src\extra\libs\fsdrv\lv_fsdrv.h" />
    <ClInclude Include="..\..\external\lvgl\src\extra\libs\gif\gifdec.h" />
    <ClInclude Include="..\..\external\lvgl\src\extra\libs\gif\lv_gif.h" />
    <ClInclude Include="..\..\external\lvgl\src\extra\libs\png\lodepng.h" />
    <ClInclude Include="..\..\external\lvgl\src\extra\libs\png\lv_png.h" />
    <ClInclude Include="..\..\external\lvgl\src\extra\libs\qrcode\lv_qrcode.h" />
    <ClInclude Include="..\..\external\lvgl\src\extra\libs\qrcode\qrcodegen.h" />
    <ClInclude Include="..\..\external\lvgl\src\extra\libs\rlottie\lv_rlottie.h" />
    <ClInclude Include="..\..\external\lvgl\src\extra\libs\sjpg\lv_sjpg.h" />
    <ClInclude Include="..\..\external\lvgl\src\extra\libs\sjpg\tjpgd.h" />
    <ClInclude Include="..\..\external\lvgl\src\extra\libs\sjpg\tjpgdcnf.h" />
    <ClInclude Include="..\..\external\lvgl\src\extra\libs\lv_libs.h" />
    <ClInclude Include="..\..\external\lvgl\src\extra\others\fragment\lv_fragment.h" />
    <ClInclude Include="..\..\external\lvgl\src\extra\others\gridnav\lv_gridnav.h" />
    <ClInclude Include="..\..\external\lvgl\src\extra\others\ime\lv_ime_pinyin.h" />
    <ClInclude Include="..\..\external\lvgl\src\extra\others\imgfont\lv_imgfont.h" />
    <ClInclude Include="..\..\external\lvgl\src\extra\others\monkey\lv_monkey.h" />
    <ClInclude Include="..\..\external\lvgl\src\extra\others\msg\lv_msg.h" />
    <ClInclude Include="..\..\external\lvgl\src\extra\others\snapshot\lv_snapshot.h" />
    <ClInclude Include="..\..\external\lvgl\src\extra\others\lv_others.h" />
    <ClInclude Include="..\..\external\lvgl\src\extra\themes\basic\lv_theme_basic.h" />
    <ClInclude Include="..\..\external\lvgl\src\extra\themes\default\lv_theme_default.h" />
    <ClInclude Include="..\..\external\lvgl\src\extra\themes\mono\lv_theme_mono.h" />
    <ClInclude Include="..\..\external\lvgl\src\extra\themes\lv_themes.h" />
    <ClInclude Include="..\..\external\lvgl\src\extra\widgets\animimg\lv_animimg.h" />
    <ClInclude Include="..\..\external\lvgl\src\extra\widgets\calendar\lv_calendar.h" />
    <ClInclude Include="..\..\external\lvgl\src\extra\widgets\calendar\lv_calendar_header_arrow.h" />
    <ClInclude Include="..\..\external\lvgl\src\extra\widgets\calendar\lv_calendar_header_dropdown.h" />
    <ClInclude Include="..\..\external\lvgl\src\extra\widgets\chart\lv_chart.h" />
    <ClInclude Include="..\..\external\lvgl\src\extra\widgets\colorwheel\lv_colorwheel.h" />
    <ClInclude Include="..\..\external\lvgl\src\extra\widgets\imgbtn\lv_imgbtn.h" />
    <ClInclude Include="..\..\external\lvgl\src\extra\widgets\keyboard\lv_keyboard.h" />
    <ClInclude Include="..\..\external\lvgl\src\extra\widgets\led\lv_led.h" />
    <ClInclude Include="..\..\external\lvgl\src\extra\widgets\list\lv_list.h" />
    <ClInclude Include="..\..\external\lvgl\src\extra\widgets\menu\lv_menu.h" />
    <ClInclude Include="..\..\external\lvgl\src\extra\widgets\meter\lv_meter.h" />
    <ClInclude Include="..\..\external\lvgl\src\extra\widgets\msgbox\lv_msgbox.h" />
    <ClInclude Include="..\..\external\lvgl\src\extra\widgets\span\lv_span.h" />
    <ClInclude Include="..\..\external\lvgl\src\extra\widgets\spinbox\lv_spinbox.h" />
    <ClInclude Include="..\..\external\lvgl\src\extra\widgets\spinner\lv_spinner.h" />
    <ClInclude Include="..\..\external\lvgl\src\extra\widgets\tabview\lv_tabview.h" />
    <ClInclude Include="..\..\external\lvgl\src\extra\widgets\tileview\lv_tileview.h" />
    <ClInclude Include="..\..\external\lvgl\src\extra\widgets\win\lv_win.h" />
    <ClInclude Include="..\..\external\lvgl\src\extra\widgets\lv_widgets.h" />
    <ClInclude Include="..\..\external\lvgl\src\extra\lv_extra.h" />
    <ClInclude Include="..\..\external\lvgl\src\font\lv_font.h" />
    <ClInclude Include="..\..\external\lvgl\src\font\lv_font_fmt_txt.h" />
    <ClInclude Include="..\..\external\lvgl\src\font\lv_font_loader.h" />
    <ClInclude Include="..\..\external\lvgl\src\font\lv_symbol_def.h" />
    <ClInclude Include="..\..\external\lvgl\src\hal\lv_hal.h" />
    <ClInclude Include="..\..\external\lvgl\src\hal\lv_hal_disp.h" />
    <ClInclude Include="..\..\external\lvgl\src\hal\lv_hal_indev.h" />
    <ClInclude Include="..\..\external\lvgl\src\hal\lv_hal_tick.h" />
    <ClInclude Include="..\..\external\lvgl\src\misc\lv_anim.h" />
    <ClInclude Include="..\..\external\lvgl\src\misc\lv_anim_timeline.h" />
    <ClInclude Include="..\..\external\lvgl\src\misc\lv_area.h" />
    <ClInclude Include="..\..\external\lvgl\src\misc\lv_assert.h" />
    <ClInclude Include="..\..\external\lvgl\src\misc\lv_async.h" />
    <ClInclude Include="..\..\external\lvgl\src\misc\lv_bidi.h" />
    <ClInclude Include="..\..\external\lvgl\src\misc\lv_color.h" />
    <ClInclude Include="..\..\external\lvgl\src\misc\lv_fs.h" />
    <ClInclude Include="..\..\external\lvgl\src\misc\lv_gc.h" />
    <ClInclude Include="..\..\external\lvgl\src\misc\lv_ll.h" />
    <ClInclude Include="..\..\external\lvgl\src\misc\lv_log.h" />
    <ClInclude Include="..\..\external\lvgl\src\misc\lv_lru.h" />
    <ClInclude Include="..\..\external\lvgl\src\misc\lv_math.h" />
    <ClInclude Include="..\..\external\lvgl\src\misc\lv_mem.h" />
    <ClInclude Include="..\..\external\lvgl\src\misc\lv_printf.h" />
    <ClInclude Include="..\..\external\lvgl\src\misc\lv_style.h" />
    <ClInclude Include="..\..\external\lvgl\src\misc\lv_style_gen.h" />
    <ClInclude Include="..\..\external\lvgl\src\misc\lv_templ.h" />
    <ClInclude Include="..\..\external\lvgl\src\misc\lv_timer.h" />
    <ClInclude Include="..\..\external\lvgl\src\misc\lv_tlsf.h" />
    <ClInclude Include="..\..\external\lvgl\src\misc\lv_txt.h" />
    <ClInclude Include="..\..\external\lvgl\src\misc\lv_txt_ap.h" />
    <ClInclude Include="..\..\external\lvgl\src\misc\lv_types.h" />
    <ClInclude Include="..\..\external\lvgl\src\misc\lv_utils.h" />
    <ClInclude Include="..\..\external\lvgl\src\widgets\lv_arc.h" />
    <ClInclude Include="..\..\external\lvgl\src\widgets\lv_bar.h" />
    <ClInclude Include="..\..\external\lvgl\src\widgets\lv_btn.h" />
    <ClInclude Include="..\..\external\lvgl\src\widgets\lv_btnmatrix.h" />
    <ClInclude Include="..\..\external\lvgl\src\widgets\lv_canvas.h" />
    <ClInclude Include="..\..\external\lvgl\src\widgets\lv_checkbox.h" />
    <ClInclude Include="..\..\external\lvgl\src\widgets\lv_dropdown.h" />
    <ClInclude Include="..\..\external\lvgl\src\widgets\lv_img.h" />
    <ClInclude Include="..\..\external\lvgl\src\widgets\lv_label.h" />
    <ClInclude Include="..\..\external\lvgl\src\widgets\lv_line.h" />
    <ClInclude Include="..\..\external\lvgl\src\widgets\lv_objx_templ.h" />
    <ClInclude Include="..\..\external\lvgl\src\widgets\lv_roller.h" />
    <ClInclude Include="..\..\external\lvgl\src\widgets\lv_slider.h" />
    <ClInclude Include="..\..\external\lvgl\src\widgets\lv_switch.h" />
    <ClInclude Include="..\..\external\lvgl\src\widgets\lv_table.h" />
    <ClInclude Include="..\..\external\lvgl\src\widgets\lv_textarea.h" />
    <ClInclude Include="..\..\external\lvgl\src\lv_api_map.h" />
    <ClInclude Include="..\..\external\lvgl\src\lv_conf_internal.h" />
    <ClInclude Include="..\..\external\lvgl\src\lv_conf_kconfig.h" />
    <ClInclude Include="lv_drivers\display\drm.h" />
    <ClInclude Include="lv_drivers\display\fbdev.h" />
    <ClInclude Include="lv_drivers\display\GC9A01.h" />
    <ClInclude Include="lv_drivers\display\ILI9341.h" />
    <ClInclude Include="lv_drivers\display\monitor.h" />
    <ClInclude Include="lv_drivers\display\R61581.h" />
    <ClInclude Include="lv_drivers\display\SHARP_MIP.h" />
    <ClInclude Include="lv_drivers\display\SSD1963.h" />
    <ClInclude Include="lv_drivers\display\ST7565.h" />
    <ClInclude Include="lv_drivers\display\UC1610.h" />
    <ClInclude Include="lv_drivers\gtkdrv\gtkdrv.h" />
    <ClInclude Include="lv_drivers\indev\AD_touch.h" />
    <ClInclude Include="lv_drivers\indev\evdev.h" />
    <ClInclude Include="lv_drivers\indev\FT5406EE8.h" />
    <ClInclude Include="lv_drivers\indev\keyboard.h" />
    <ClInclude Include="lv_drivers\indev\libinput_drv.h" />
    <ClInclude Include="lv_drivers\indev\mouse.h" />
    <ClInclude Include="lv_drivers\indev\mousewheel.h" />
    <ClInclude Include="lv_drivers\indev\xkb.h" />
    <ClInclude Include="lv_drivers\indev\XPT2046.h" />
    <ClInclude Include="lv_drivers\sdl\sdl.h" />
    <ClInclude Include="lv_drivers\sdl\sdl_common.h" />
    <ClInclude Include="lv_drivers\sdl\sdl_gpu.h" />
    <ClInclude Include="lv_drivers\wayland\wayland.h" />
    <ClInclude Include="lv_drivers\win32drv\win32drv.h" />
    <ClInclude Include="lv_drivers\lv_drv_conf_template.h" />
    <ClInclude Include="lv_drivers\win_drv.h" />
    <ClInclude Include="Mile.Project.Properties.h" />
    <ClInclude Include="..\..\external\lvgl\lvgl.h" />
  </ItemGroup>
  <ItemGroup>
    <ResourceCompile Include="LVGL.Simulator.rc" />
  </ItemGroup>
  <ItemGroup>
    <Image Include="LVGL.ico" />
    <Image Include="..\..\lvgl\examples\assets\animimg001.png" />
    <Image Include="..\..\lvgl\examples\assets\animimg002.png" />
    <Image Include="..\..\lvgl\examples\assets\animimg003.png" />
  </ItemGroup>
  <ItemGroup>
    <None Include="lv_drivers\docs\astyle_c" />
    <None Include="lv_drivers\docs\astyle_h" />
    <None Include="lv_drivers\library.json" />
    <None Include="lv_drivers\lv_drivers.mk" />
    <None Include="freetype.props" />
  </ItemGroup>
  <ItemGroup>
    <Filter Include="utils">
      <UniqueIdentifier>{ea5be470-bfef-4294-9b35-9701c75dfa05}</UniqueIdentifier>
    </Filter>
    <Filter Include="gui">
      <UniqueIdentifier>{e5fcca3f-8220-423e-9414-5a523eb074c8}</UniqueIdentifier>
    </Filter>
    <Filter Include="gui\gui_frame">
      <UniqueIdentifier>{f98e2a7a-cc02-4c5a-82fe-aedafb51393f}</UniqueIdentifier>
    </Filter>
    <Filter Include="third">
      <UniqueIdentifier>{3f988934-fdc5-4df9-b0d5-f8e55d540915}</UniqueIdentifier>
    </Filter>
    <Filter Include="gui\assets">
      <UniqueIdentifier>{ab0fe2c4-50f6-4d7f-9da2-5857f756833a}</UniqueIdentifier>
    </Filter>
    <Filter Include="gui\assets\emoji">
      <UniqueIdentifier>{f6a5e3fc-1c35-4ccb-943b-58b5d1201de6}</UniqueIdentifier>
    </Filter>
    <Filter Include="gui\assets\fonts">
      <UniqueIdentifier>{6262a095-bda3-42ca-93a2-c1ded7860c62}</UniqueIdentifier>
    </Filter>
    <Filter Include="gui\assets\wallet">
      <UniqueIdentifier>{085f5e5d-a678-4f92-ad11-0d71e711cc16}</UniqueIdentifier>
    </Filter>
    <Filter Include="gui\assets\img">
      <UniqueIdentifier>{ba0991d8-60a9-489c-b68c-6de711936a44}</UniqueIdentifier>
    </Filter>
    <Filter Include="gui\gui_views">
      <UniqueIdentifier>{91f98864-0b5d-4563-8829-ee532fc78418}</UniqueIdentifier>
    </Filter>
    <Filter Include="gui\wallet">
      <UniqueIdentifier>{258db107-aded-4b47-94a3-d9ebe305b1d0}</UniqueIdentifier>
    </Filter>
    <Filter Include="gui\gui_widgets">
      <UniqueIdentifier>{9a56744b-5bf9-4f68-9cf5-141ddecad821}</UniqueIdentifier>
    </Filter>
    <Filter Include="gui\gui_components">
      <UniqueIdentifier>{60399da9-ffbd-41d7-99b3-3ed130e35f7d}</UniqueIdentifier>
    </Filter>
    <Filter Include="gui\gui_i18n">
      <UniqueIdentifier>{301b6b1e-e4ac-41c8-b235-04417ec2ebbf}</UniqueIdentifier>
    </Filter>
    <Filter Include="gui\assets\coin">
      <UniqueIdentifier>{8dbf302b-145d-4cf9-abc8-19df8ef379d5}</UniqueIdentifier>
    </Filter>
    <Filter Include="third\json">
      <UniqueIdentifier>{4fed0ee3-c9d6-4ac4-9989-e0324a02a308}</UniqueIdentifier>
    </Filter>
    <Filter Include="gui\gui_model">
      <UniqueIdentifier>{c969466a-f072-4e34-ab3a-37ced5b27f2c}</UniqueIdentifier>
    </Filter>
    <Filter Include="gui\gui_chain">
      <UniqueIdentifier>{7808f8c0-b301-4da8-b008-21fd78d87f83}</UniqueIdentifier>
    </Filter>
    <Filter Include="gui\gui_analyze">
      <UniqueIdentifier>{71aeaddb-0c2e-4585-913e-fad631934290}</UniqueIdentifier>
    </Filter>
    <Filter Include="gui\example">
      <UniqueIdentifier>{f22310db-3323-4745-b3b1-e36ea380b944}</UniqueIdentifier>
    </Filter>
  </ItemGroup>
</Project>